// !$*UTF8*$!
{
	archiveVersion = 1;
	classes = {
	};
	objectVersion = 55;
	objects = {

/* Begin PBXBuildFile section */
		5C2F9CA1295D77090021D437 /* UIViewController+hideKeyboard.swift in Sources */ = {isa = PBXBuildFile; fileRef = 5C2F9CA0295D77090021D437 /* UIViewController+hideKeyboard.swift */; };
		5C2F9CA6295D7B250021D437 /* StyleViewModel.swift in Sources */ = {isa = PBXBuildFile; fileRef = 5C2F9CA5295D7B250021D437 /* StyleViewModel.swift */; };
		5C2F9CA8295D7B600021D437 /* StyleUsecase.swift in Sources */ = {isa = PBXBuildFile; fileRef = 5C2F9CA7295D7B600021D437 /* StyleUsecase.swift */; };
		5C2F9CAB295D7BCA0021D437 /* ShopRepository.swift in Sources */ = {isa = PBXBuildFile; fileRef = 5C2F9CAA295D7BCA0021D437 /* ShopRepository.swift */; };
		5C2F9CAD295D7C650021D437 /* StyleRepository.swift in Sources */ = {isa = PBXBuildFile; fileRef = 5C2F9CAC295D7C650021D437 /* StyleRepository.swift */; };
		5C2F9CB1295D83140021D437 /* StyleCollectionViewCell.swift in Sources */ = {isa = PBXBuildFile; fileRef = 5C2F9CB0295D83140021D437 /* StyleCollectionViewCell.swift */; };
		5C2F9CB3295D95D20021D437 /* StylePost.swift in Sources */ = {isa = PBXBuildFile; fileRef = 5C2F9CB2295D95D20021D437 /* StylePost.swift */; };
		5C2F9CB5295DBDCB0021D437 /* StyleCollectionViewFlowLayout.swift in Sources */ = {isa = PBXBuildFile; fileRef = 5C2F9CB4295DBDCB0021D437 /* StyleCollectionViewFlowLayout.swift */; };
		5C2F9CB9295F3EDB0021D437 /* StyleCellModel.swift in Sources */ = {isa = PBXBuildFile; fileRef = 5C2F9CB8295F3EDB0021D437 /* StyleCellModel.swift */; };
		64B6153DC9C7AEA55C7BE008 /* Pods_KreamWaffleApp.framework in Frameworks */ = {isa = PBXBuildFile; fileRef = 9A12D14C019AE1FC69A73279 /* Pods_KreamWaffleApp.framework */; };
		65188908295C1CE70026E003 /* LoginViewController.swift in Sources */ = {isa = PBXBuildFile; fileRef = 65188907295C1CE70026E003 /* LoginViewController.swift */; };
		654D9692295BFC4900B93EE0 /* Constants.swift in Sources */ = {isa = PBXBuildFile; fileRef = 654D9691295BFC4900B93EE0 /* Constants.swift */; };
		65653F35295B5B01002F250B /* CustomSegmentedControl.swift in Sources */ = {isa = PBXBuildFile; fileRef = 65653F34295B5B01002F250B /* CustomSegmentedControl.swift */; };
		65653F37295B5B25002F250B /* colors.swift in Sources */ = {isa = PBXBuildFile; fileRef = 65653F36295B5B25002F250B /* colors.swift */; };
		65653F3A295B73C9002F250B /* SearchViewController.swift in Sources */ = {isa = PBXBuildFile; fileRef = 65653F39295B73C9002F250B /* SearchViewController.swift */; };
		65653F3D295B7601002F250B /* KeywordCollectionViewCell.swift in Sources */ = {isa = PBXBuildFile; fileRef = 65653F3C295B7601002F250B /* KeywordCollectionViewCell.swift */; };
		65653F3F295B7BDF002F250B /* SearchTableViewCell.swift in Sources */ = {isa = PBXBuildFile; fileRef = 65653F3E295B7BDF002F250B /* SearchTableViewCell.swift */; };
		65653F41295B8148002F250B /* ShopMainViewController.swift in Sources */ = {isa = PBXBuildFile; fileRef = 65653F40295B8148002F250B /* ShopMainViewController.swift */; };
		65653F43295B8217002F250B /* Extensions.swift in Sources */ = {isa = PBXBuildFile; fileRef = 65653F42295B8217002F250B /* Extensions.swift */; };
		9409BB6829587B8400107717 /* TabBarViewController.swift in Sources */ = {isa = PBXBuildFile; fileRef = 9409BB6729587B8400107717 /* TabBarViewController.swift */; };
		9428AE302957170600DC7907 /* AppDelegate.swift in Sources */ = {isa = PBXBuildFile; fileRef = 9428AE2F2957170600DC7907 /* AppDelegate.swift */; };
		9428AE322957170600DC7907 /* SceneDelegate.swift in Sources */ = {isa = PBXBuildFile; fileRef = 9428AE312957170600DC7907 /* SceneDelegate.swift */; };
		9428AE392957170E00DC7907 /* Assets.xcassets in Resources */ = {isa = PBXBuildFile; fileRef = 9428AE382957170E00DC7907 /* Assets.xcassets */; };
		9428AE47295718E200DC7907 /* ShopViewModel.swift in Sources */ = {isa = PBXBuildFile; fileRef = 9428AE46295718E200DC7907 /* ShopViewModel.swift */; };
		9428AE492957193D00DC7907 /* HomeTabViewController.swift in Sources */ = {isa = PBXBuildFile; fileRef = 9428AE482957193D00DC7907 /* HomeTabViewController.swift */; };
		9428AE4B2957197B00DC7907 /* StyleTabViewController.swift in Sources */ = {isa = PBXBuildFile; fileRef = 9428AE4A2957197B00DC7907 /* StyleTabViewController.swift */; };
		9428AE4D295719A500DC7907 /* ShopTabViewController.swift in Sources */ = {isa = PBXBuildFile; fileRef = 9428AE4C295719A500DC7907 /* ShopTabViewController.swift */; };
		944A111B2959A6F800F8CDB7 /* ProductDetailViewController.swift in Sources */ = {isa = PBXBuildFile; fileRef = 944A111A2959A6F800F8CDB7 /* ProductDetailViewController.swift */; };
		944A1142295D0DC000F8CDB7 /* Product.swift in Sources */ = {isa = PBXBuildFile; fileRef = 944A1141295D0DBF00F8CDB7 /* Product.swift */; };
		944A1145295D16ED00F8CDB7 /* ShopCollectionViewFlowLayout.swift in Sources */ = {isa = PBXBuildFile; fileRef = 944A1144295D16ED00F8CDB7 /* ShopCollectionViewFlowLayout.swift */; };
		944A1148295D191100F8CDB7 /* ProductCollectionViewCell.swift in Sources */ = {isa = PBXBuildFile; fileRef = 944A1147295D191100F8CDB7 /* ProductCollectionViewCell.swift */; };
		944A114B295D6ADF00F8CDB7 /* ShopUsecase.swift in Sources */ = {isa = PBXBuildFile; fileRef = 944A114A295D6ADF00F8CDB7 /* ShopUsecase.swift */; };
		944A114D295D6D5C00F8CDB7 /* ProductRequestModel.swift in Sources */ = {isa = PBXBuildFile; fileRef = 944A114C295D6D5C00F8CDB7 /* ProductRequestModel.swift */; };
		948C66952958482E00561C59 /* MyTabViewController.swift in Sources */ = {isa = PBXBuildFile; fileRef = 948C66942958482E00561C59 /* MyTabViewController.swift */; };
/* End PBXBuildFile section */

/* Begin PBXFileReference section */
		5C2F9CA0295D77090021D437 /* UIViewController+hideKeyboard.swift */ = {isa = PBXFileReference; lastKnownFileType = sourcecode.swift; path = "UIViewController+hideKeyboard.swift"; sourceTree = "<group>"; };
		5C2F9CA5295D7B250021D437 /* StyleViewModel.swift */ = {isa = PBXFileReference; lastKnownFileType = sourcecode.swift; path = StyleViewModel.swift; sourceTree = "<group>"; };
		5C2F9CA7295D7B600021D437 /* StyleUsecase.swift */ = {isa = PBXFileReference; lastKnownFileType = sourcecode.swift; path = StyleUsecase.swift; sourceTree = "<group>"; };
		5C2F9CAA295D7BCA0021D437 /* ShopRepository.swift */ = {isa = PBXFileReference; lastKnownFileType = sourcecode.swift; path = ShopRepository.swift; sourceTree = "<group>"; };
		5C2F9CAC295D7C650021D437 /* StyleRepository.swift */ = {isa = PBXFileReference; lastKnownFileType = sourcecode.swift; path = StyleRepository.swift; sourceTree = "<group>"; };
		5C2F9CB0295D83140021D437 /* StyleCollectionViewCell.swift */ = {isa = PBXFileReference; lastKnownFileType = sourcecode.swift; path = StyleCollectionViewCell.swift; sourceTree = "<group>"; };
		5C2F9CB2295D95D20021D437 /* StylePost.swift */ = {isa = PBXFileReference; lastKnownFileType = sourcecode.swift; path = StylePost.swift; sourceTree = "<group>"; };
		5C2F9CB4295DBDCB0021D437 /* StyleCollectionViewFlowLayout.swift */ = {isa = PBXFileReference; lastKnownFileType = sourcecode.swift; path = StyleCollectionViewFlowLayout.swift; sourceTree = "<group>"; };
		5C2F9CB8295F3EDB0021D437 /* StyleCellModel.swift */ = {isa = PBXFileReference; lastKnownFileType = sourcecode.swift; path = StyleCellModel.swift; sourceTree = "<group>"; };
		65188907295C1CE70026E003 /* LoginViewController.swift */ = {isa = PBXFileReference; lastKnownFileType = sourcecode.swift; path = LoginViewController.swift; sourceTree = "<group>"; };
		654D9691295BFC4900B93EE0 /* Constants.swift */ = {isa = PBXFileReference; lastKnownFileType = sourcecode.swift; path = Constants.swift; sourceTree = "<group>"; };
		65653F34295B5B01002F250B /* CustomSegmentedControl.swift */ = {isa = PBXFileReference; lastKnownFileType = sourcecode.swift; path = CustomSegmentedControl.swift; sourceTree = "<group>"; };
		65653F36295B5B25002F250B /* colors.swift */ = {isa = PBXFileReference; lastKnownFileType = sourcecode.swift; path = colors.swift; sourceTree = "<group>"; };
		65653F39295B73C9002F250B /* SearchViewController.swift */ = {isa = PBXFileReference; lastKnownFileType = sourcecode.swift; path = SearchViewController.swift; sourceTree = "<group>"; };
		65653F3C295B7601002F250B /* KeywordCollectionViewCell.swift */ = {isa = PBXFileReference; lastKnownFileType = sourcecode.swift; path = KeywordCollectionViewCell.swift; sourceTree = "<group>"; };
		65653F3E295B7BDF002F250B /* SearchTableViewCell.swift */ = {isa = PBXFileReference; lastKnownFileType = sourcecode.swift; path = SearchTableViewCell.swift; sourceTree = "<group>"; };
		65653F40295B8148002F250B /* ShopMainViewController.swift */ = {isa = PBXFileReference; lastKnownFileType = sourcecode.swift; path = ShopMainViewController.swift; sourceTree = "<group>"; };
		65653F42295B8217002F250B /* Extensions.swift */ = {isa = PBXFileReference; lastKnownFileType = sourcecode.swift; path = Extensions.swift; sourceTree = "<group>"; };
		7BE8EA2EFB4AA509DCAF84E1 /* Pods-KreamWaffleApp.debug.xcconfig */ = {isa = PBXFileReference; includeInIndex = 1; lastKnownFileType = text.xcconfig; name = "Pods-KreamWaffleApp.debug.xcconfig"; path = "Target Support Files/Pods-KreamWaffleApp/Pods-KreamWaffleApp.debug.xcconfig"; sourceTree = "<group>"; };
		9409BB6729587B8400107717 /* TabBarViewController.swift */ = {isa = PBXFileReference; lastKnownFileType = sourcecode.swift; path = TabBarViewController.swift; sourceTree = "<group>"; };
		9428AE2C2957170600DC7907 /* KreamWaffleApp.app */ = {isa = PBXFileReference; explicitFileType = wrapper.application; includeInIndex = 0; path = KreamWaffleApp.app; sourceTree = BUILT_PRODUCTS_DIR; };
		9428AE2F2957170600DC7907 /* AppDelegate.swift */ = {isa = PBXFileReference; lastKnownFileType = sourcecode.swift; path = AppDelegate.swift; sourceTree = "<group>"; };
		9428AE312957170600DC7907 /* SceneDelegate.swift */ = {isa = PBXFileReference; lastKnownFileType = sourcecode.swift; path = SceneDelegate.swift; sourceTree = "<group>"; };
		9428AE382957170E00DC7907 /* Assets.xcassets */ = {isa = PBXFileReference; lastKnownFileType = folder.assetcatalog; path = Assets.xcassets; sourceTree = "<group>"; };
		9428AE3D2957170E00DC7907 /* Info.plist */ = {isa = PBXFileReference; lastKnownFileType = text.plist.xml; path = Info.plist; sourceTree = "<group>"; };
		9428AE46295718E200DC7907 /* ShopViewModel.swift */ = {isa = PBXFileReference; lastKnownFileType = sourcecode.swift; path = ShopViewModel.swift; sourceTree = "<group>"; };
		9428AE482957193D00DC7907 /* HomeTabViewController.swift */ = {isa = PBXFileReference; lastKnownFileType = sourcecode.swift; path = HomeTabViewController.swift; sourceTree = "<group>"; };
		9428AE4A2957197B00DC7907 /* StyleTabViewController.swift */ = {isa = PBXFileReference; lastKnownFileType = sourcecode.swift; path = StyleTabViewController.swift; sourceTree = "<group>"; };
		9428AE4C295719A500DC7907 /* ShopTabViewController.swift */ = {isa = PBXFileReference; lastKnownFileType = sourcecode.swift; path = ShopTabViewController.swift; sourceTree = "<group>"; };
		944A111A2959A6F800F8CDB7 /* ProductDetailViewController.swift */ = {isa = PBXFileReference; lastKnownFileType = sourcecode.swift; path = ProductDetailViewController.swift; sourceTree = "<group>"; };
		944A1141295D0DBF00F8CDB7 /* Product.swift */ = {isa = PBXFileReference; lastKnownFileType = sourcecode.swift; path = Product.swift; sourceTree = "<group>"; };
		944A1144295D16ED00F8CDB7 /* ShopCollectionViewFlowLayout.swift */ = {isa = PBXFileReference; lastKnownFileType = sourcecode.swift; path = ShopCollectionViewFlowLayout.swift; sourceTree = "<group>"; };
		944A1147295D191100F8CDB7 /* ProductCollectionViewCell.swift */ = {isa = PBXFileReference; lastKnownFileType = sourcecode.swift; path = ProductCollectionViewCell.swift; sourceTree = "<group>"; };
		944A114A295D6ADF00F8CDB7 /* ShopUsecase.swift */ = {isa = PBXFileReference; lastKnownFileType = sourcecode.swift; path = ShopUsecase.swift; sourceTree = "<group>"; };
		944A114C295D6D5C00F8CDB7 /* ProductRequestModel.swift */ = {isa = PBXFileReference; lastKnownFileType = sourcecode.swift; path = ProductRequestModel.swift; sourceTree = "<group>"; };
		948C66942958482E00561C59 /* MyTabViewController.swift */ = {isa = PBXFileReference; lastKnownFileType = sourcecode.swift; path = MyTabViewController.swift; sourceTree = "<group>"; };
		9A12D14C019AE1FC69A73279 /* Pods_KreamWaffleApp.framework */ = {isa = PBXFileReference; explicitFileType = wrapper.framework; includeInIndex = 0; path = Pods_KreamWaffleApp.framework; sourceTree = BUILT_PRODUCTS_DIR; };
		F122331DD65FD034FF9C3C3A /* Pods-KreamWaffleApp.release.xcconfig */ = {isa = PBXFileReference; includeInIndex = 1; lastKnownFileType = text.xcconfig; name = "Pods-KreamWaffleApp.release.xcconfig"; path = "Target Support Files/Pods-KreamWaffleApp/Pods-KreamWaffleApp.release.xcconfig"; sourceTree = "<group>"; };
/* End PBXFileReference section */

/* Begin PBXFrameworksBuildPhase section */
		9428AE292957170600DC7907 /* Frameworks */ = {
			isa = PBXFrameworksBuildPhase;
			buildActionMask = 2147483647;
			files = (
				64B6153DC9C7AEA55C7BE008 /* Pods_KreamWaffleApp.framework in Frameworks */,
			);
			runOnlyForDeploymentPostprocessing = 0;
		};
/* End PBXFrameworksBuildPhase section */

/* Begin PBXGroup section */
		3DB03D682972A02638A8567B /* Pods */ = {
			isa = PBXGroup;
			children = (
				7BE8EA2EFB4AA509DCAF84E1 /* Pods-KreamWaffleApp.debug.xcconfig */,
				F122331DD65FD034FF9C3C3A /* Pods-KreamWaffleApp.release.xcconfig */,
			);
			path = Pods;
			sourceTree = "<group>";
		};
		541A851BDEBC9E14A89FD220 /* Frameworks */ = {
			isa = PBXGroup;
			children = (
				9A12D14C019AE1FC69A73279 /* Pods_KreamWaffleApp.framework */,
			);
			name = Frameworks;
			sourceTree = "<group>";
		};
		5C2F9C9F295D76E30021D437 /* Extensions */ = {
			isa = PBXGroup;
			children = (
				5C2F9CA0295D77090021D437 /* UIViewController+hideKeyboard.swift */,
			);
			path = Extensions;
			sourceTree = "<group>";
		};
		5C2F9CA2295D77350021D437 /* My Tab */ = {
			isa = PBXGroup;
			children = (
				948C66942958482E00561C59 /* MyTabViewController.swift */,
			);
			path = "My Tab";
			sourceTree = "<group>";
		};
		5C2F9CA3295D77430021D437 /* Home Tab */ = {
			isa = PBXGroup;
			children = (
				9428AE482957193D00DC7907 /* HomeTabViewController.swift */,
			);
			path = "Home Tab";
			sourceTree = "<group>";
		};
		5C2F9CA4295D7AF90021D437 /* App */ = {
			isa = PBXGroup;
			children = (
				9428AE2F2957170600DC7907 /* AppDelegate.swift */,
				9428AE312957170600DC7907 /* SceneDelegate.swift */,
			);
			path = App;
			sourceTree = "<group>";
		};
		5C2F9CA9295D7BBD0021D437 /* Repositories */ = {
			isa = PBXGroup;
			children = (
				5C2F9CAA295D7BCA0021D437 /* ShopRepository.swift */,
				5C2F9CAC295D7C650021D437 /* StyleRepository.swift */,
			);
			path = Repositories;
			sourceTree = "<group>";
		};
		5C2F9CAE295D813E0021D437 /* Sub VC */ = {
			isa = PBXGroup;
			children = (
				5C2F9CB0295D83140021D437 /* StyleCollectionViewCell.swift */,
			);
			path = "Sub VC";
			sourceTree = "<group>";
		};
		65653F33295B5AF2002F250B /* Customs */ = {
			isa = PBXGroup;
			children = (
				65653F34295B5B01002F250B /* CustomSegmentedControl.swift */,
				65653F36295B5B25002F250B /* colors.swift */,
				65653F42295B8217002F250B /* Extensions.swift */,
				654D9691295BFC4900B93EE0 /* Constants.swift */,
			);
			path = Customs;
			sourceTree = "<group>";
		};
		65653F38295B73B2002F250B /* Style Tab */ = {
			isa = PBXGroup;
			children = (
				5C2F9CAE295D813E0021D437 /* Sub VC */,
				9428AE4A2957197B00DC7907 /* StyleTabViewController.swift */,
			);
			path = "Style Tab";
			sourceTree = "<group>";
		};
		65653F3B295B73FC002F250B /* Shop Tab */ = {
			isa = PBXGroup;
			children = (
				65653F44295B8408002F250B /* Sub VC */,
				9428AE4C295719A500DC7907 /* ShopTabViewController.swift */,
			);
			path = "Shop Tab";
			sourceTree = "<group>";
		};
		65653F44295B8408002F250B /* Sub VC */ = {
			isa = PBXGroup;
			children = (
				65653F3C295B7601002F250B /* KeywordCollectionViewCell.swift */,
				65653F40295B8148002F250B /* ShopMainViewController.swift */,
				65653F3E295B7BDF002F250B /* SearchTableViewCell.swift */,
				65653F39295B73C9002F250B /* SearchViewController.swift */,
			);
			path = "Sub VC";
			sourceTree = "<group>";
		};
		9409BB6929587BB200107717 /* ViewModels */ = {
			isa = PBXGroup;
			children = (
				9428AE46295718E200DC7907 /* ShopViewModel.swift */,
				5C2F9CA5295D7B250021D437 /* StyleViewModel.swift */,
			);
			path = ViewModels;
			sourceTree = "<group>";
		};
		9428AE232957170600DC7907 = {
			isa = PBXGroup;
			children = (
				9428AE2E2957170600DC7907 /* KreamWaffleApp */,
				9428AE2D2957170600DC7907 /* Products */,
				3DB03D682972A02638A8567B /* Pods */,
				541A851BDEBC9E14A89FD220 /* Frameworks */,
			);
			sourceTree = "<group>";
		};
		9428AE2D2957170600DC7907 /* Products */ = {
			isa = PBXGroup;
			children = (
				9428AE2C2957170600DC7907 /* KreamWaffleApp.app */,
			);
			name = Products;
			sourceTree = "<group>";
		};
		9428AE2E2957170600DC7907 /* KreamWaffleApp */ = {
			isa = PBXGroup;
			children = (
				5C2F9CA9295D7BBD0021D437 /* Repositories */,
				5C2F9CA4295D7AF90021D437 /* App */,
				5C2F9C9F295D76E30021D437 /* Extensions */,
				944A1149295D6AC200F8CDB7 /* Usecases */,
				944A1146295D18E100F8CDB7 /* Cells */,
				944A1143295D156B00F8CDB7 /* Layouts */,
				944A1140295D0D7400F8CDB7 /* Models */,
				65653F33295B5AF2002F250B /* Customs */,
				9409BB6929587BB200107717 /* ViewModels */,
				948C669629587B2200561C59 /* ViewControllers */,
				9428AE382957170E00DC7907 /* Assets.xcassets */,
				9428AE3D2957170E00DC7907 /* Info.plist */,
			);
			path = KreamWaffleApp;
			sourceTree = "<group>";
		};
		944A1140295D0D7400F8CDB7 /* Models */ = {
			isa = PBXGroup;
			children = (
				944A1141295D0DBF00F8CDB7 /* Product.swift */,
				944A114C295D6D5C00F8CDB7 /* ProductRequestModel.swift */,
				5C2F9CB2295D95D20021D437 /* StylePost.swift */,
				5C2F9CB8295F3EDB0021D437 /* StyleCellModel.swift */,
			);
			path = Models;
			sourceTree = "<group>";
		};
		944A1143295D156B00F8CDB7 /* Layouts */ = {
			isa = PBXGroup;
			children = (
				944A1144295D16ED00F8CDB7 /* ShopCollectionViewFlowLayout.swift */,
				5C2F9CB4295DBDCB0021D437 /* StyleCollectionViewFlowLayout.swift */,
			);
			path = Layouts;
			sourceTree = "<group>";
		};
		944A1146295D18E100F8CDB7 /* Cells */ = {
			isa = PBXGroup;
			children = (
				944A1147295D191100F8CDB7 /* ProductCollectionViewCell.swift */,
			);
			path = Cells;
			sourceTree = "<group>";
		};
		944A1149295D6AC200F8CDB7 /* Usecases */ = {
			isa = PBXGroup;
			children = (
				944A114A295D6ADF00F8CDB7 /* ShopUsecase.swift */,
				5C2F9CA7295D7B600021D437 /* StyleUsecase.swift */,
			);
			path = Usecases;
			sourceTree = "<group>";
		};
		948C669629587B2200561C59 /* ViewControllers */ = {
			isa = PBXGroup;
			children = (
				5C2F9CA3295D77430021D437 /* Home Tab */,
				5C2F9CA2295D77350021D437 /* My Tab */,
				65653F3B295B73FC002F250B /* Shop Tab */,
				65653F38295B73B2002F250B /* Style Tab */,
				9409BB6729587B8400107717 /* TabBarViewController.swift */,
				944A111A2959A6F800F8CDB7 /* ProductDetailViewController.swift */,
				65188907295C1CE70026E003 /* LoginViewController.swift */,
			);
			path = ViewControllers;
			sourceTree = "<group>";
		};
/* End PBXGroup section */

/* Begin PBXNativeTarget section */
		9428AE2B2957170600DC7907 /* KreamWaffleApp */ = {
			isa = PBXNativeTarget;
			buildConfigurationList = 9428AE402957170E00DC7907 /* Build configuration list for PBXNativeTarget "KreamWaffleApp" */;
			buildPhases = (
				A11804AD41C8CD5764B4473F /* [CP] Check Pods Manifest.lock */,
				9428AE282957170600DC7907 /* Sources */,
				9428AE292957170600DC7907 /* Frameworks */,
				9428AE2A2957170600DC7907 /* Resources */,
				AA540EE2A56730B4BBDAEE1A /* [CP] Embed Pods Frameworks */,
			);
			buildRules = (
			);
			dependencies = (
			);
			name = KreamWaffleApp;
			productName = KreamWaffleApp;
			productReference = 9428AE2C2957170600DC7907 /* KreamWaffleApp.app */;
			productType = "com.apple.product-type.application";
		};
/* End PBXNativeTarget section */

/* Begin PBXProject section */
		9428AE242957170600DC7907 /* Project object */ = {
			isa = PBXProject;
			attributes = {
				BuildIndependentTargetsInParallel = 1;
				LastSwiftUpdateCheck = 1340;
				LastUpgradeCheck = 1340;
				TargetAttributes = {
					9428AE2B2957170600DC7907 = {
						CreatedOnToolsVersion = 13.4.1;
					};
				};
			};
			buildConfigurationList = 9428AE272957170600DC7907 /* Build configuration list for PBXProject "KreamWaffleApp" */;
			compatibilityVersion = "Xcode 13.0";
			developmentRegion = en;
			hasScannedForEncodings = 0;
			knownRegions = (
				en,
				Base,
			);
			mainGroup = 9428AE232957170600DC7907;
			productRefGroup = 9428AE2D2957170600DC7907 /* Products */;
			projectDirPath = "";
			projectRoot = "";
			targets = (
				9428AE2B2957170600DC7907 /* KreamWaffleApp */,
			);
		};
/* End PBXProject section */

/* Begin PBXResourcesBuildPhase section */
		9428AE2A2957170600DC7907 /* Resources */ = {
			isa = PBXResourcesBuildPhase;
			buildActionMask = 2147483647;
			files = (
				9428AE392957170E00DC7907 /* Assets.xcassets in Resources */,
			);
			runOnlyForDeploymentPostprocessing = 0;
		};
/* End PBXResourcesBuildPhase section */

/* Begin PBXShellScriptBuildPhase section */
		A11804AD41C8CD5764B4473F /* [CP] Check Pods Manifest.lock */ = {
			isa = PBXShellScriptBuildPhase;
			buildActionMask = 2147483647;
			files = (
			);
			inputFileListPaths = (
			);
			inputPaths = (
				"${PODS_PODFILE_DIR_PATH}/Podfile.lock",
				"${PODS_ROOT}/Manifest.lock",
			);
			name = "[CP] Check Pods Manifest.lock";
			outputFileListPaths = (
			);
			outputPaths = (
				"$(DERIVED_FILE_DIR)/Pods-KreamWaffleApp-checkManifestLockResult.txt",
			);
			runOnlyForDeploymentPostprocessing = 0;
			shellPath = /bin/sh;
			shellScript = "diff \"${PODS_PODFILE_DIR_PATH}/Podfile.lock\" \"${PODS_ROOT}/Manifest.lock\" > /dev/null\nif [ $? != 0 ] ; then\n    # print error to STDERR\n    echo \"error: The sandbox is not in sync with the Podfile.lock. Run 'pod install' or update your CocoaPods installation.\" >&2\n    exit 1\nfi\n# This output is used by Xcode 'outputs' to avoid re-running this script phase.\necho \"SUCCESS\" > \"${SCRIPT_OUTPUT_FILE_0}\"\n";
			showEnvVarsInLog = 0;
		};
		AA540EE2A56730B4BBDAEE1A /* [CP] Embed Pods Frameworks */ = {
			isa = PBXShellScriptBuildPhase;
			buildActionMask = 2147483647;
			files = (
			);
			inputFileListPaths = (
				"${PODS_ROOT}/Target Support Files/Pods-KreamWaffleApp/Pods-KreamWaffleApp-frameworks-${CONFIGURATION}-input-files.xcfilelist",
			);
			name = "[CP] Embed Pods Frameworks";
			outputFileListPaths = (
				"${PODS_ROOT}/Target Support Files/Pods-KreamWaffleApp/Pods-KreamWaffleApp-frameworks-${CONFIGURATION}-output-files.xcfilelist",
			);
			runOnlyForDeploymentPostprocessing = 0;
			shellPath = /bin/sh;
			shellScript = "\"${PODS_ROOT}/Target Support Files/Pods-KreamWaffleApp/Pods-KreamWaffleApp-frameworks.sh\"\n";
			showEnvVarsInLog = 0;
		};
/* End PBXShellScriptBuildPhase section */

/* Begin PBXSourcesBuildPhase section */
		9428AE282957170600DC7907 /* Sources */ = {
			isa = PBXSourcesBuildPhase;
			buildActionMask = 2147483647;
			files = (
				5C2F9CAB295D7BCA0021D437 /* ShopRepository.swift in Sources */,
				5C2F9CAD295D7C650021D437 /* StyleRepository.swift in Sources */,
				9428AE47295718E200DC7907 /* ShopViewModel.swift in Sources */,
				5C2F9CA6295D7B250021D437 /* StyleViewModel.swift in Sources */,
				65653F37295B5B25002F250B /* colors.swift in Sources */,
				5C2F9CB3295D95D20021D437 /* StylePost.swift in Sources */,
				5C2F9CB1295D83140021D437 /* StyleCollectionViewCell.swift in Sources */,
				944A1148295D191100F8CDB7 /* ProductCollectionViewCell.swift in Sources */,
				65653F3D295B7601002F250B /* KeywordCollectionViewCell.swift in Sources */,
				65188908295C1CE70026E003 /* LoginViewController.swift in Sources */,
				9428AE302957170600DC7907 /* AppDelegate.swift in Sources */,
				65653F41295B8148002F250B /* ShopMainViewController.swift in Sources */,
				9428AE4B2957197B00DC7907 /* StyleTabViewController.swift in Sources */,
				948C66952958482E00561C59 /* MyTabViewController.swift in Sources */,
				9428AE322957170600DC7907 /* SceneDelegate.swift in Sources */,
				944A114B295D6ADF00F8CDB7 /* ShopUsecase.swift in Sources */,
				9428AE4D295719A500DC7907 /* ShopTabViewController.swift in Sources */,
				5C2F9CA1295D77090021D437 /* UIViewController+hideKeyboard.swift in Sources */,
				65653F3F295B7BDF002F250B /* SearchTableViewCell.swift in Sources */,
				65653F3A295B73C9002F250B /* SearchViewController.swift in Sources */,
				944A114D295D6D5C00F8CDB7 /* ProductRequestModel.swift in Sources */,
				65653F35295B5B01002F250B /* CustomSegmentedControl.swift in Sources */,
				944A111B2959A6F800F8CDB7 /* ProductDetailViewController.swift in Sources */,
				65653F43295B8217002F250B /* Extensions.swift in Sources */,
				9409BB6829587B8400107717 /* TabBarViewController.swift in Sources */,
				944A1142295D0DC000F8CDB7 /* Product.swift in Sources */,
				9428AE492957193D00DC7907 /* HomeTabViewController.swift in Sources */,
				5C2F9CB9295F3EDB0021D437 /* StyleCellModel.swift in Sources */,
				5C2F9CA8295D7B600021D437 /* StyleUsecase.swift in Sources */,
				944A1145295D16ED00F8CDB7 /* ShopCollectionViewFlowLayout.swift in Sources */,
				654D9692295BFC4900B93EE0 /* Constants.swift in Sources */,
				5C2F9CB5295DBDCB0021D437 /* StyleCollectionViewFlowLayout.swift in Sources */,
			);
			runOnlyForDeploymentPostprocessing = 0;
		};
/* End PBXSourcesBuildPhase section */

/* Begin XCBuildConfiguration section */
		9428AE3E2957170E00DC7907 /* Debug */ = {
			isa = XCBuildConfiguration;
			buildSettings = {
				ALWAYS_SEARCH_USER_PATHS = NO;
				CLANG_ANALYZER_NONNULL = YES;
				CLANG_ANALYZER_NUMBER_OBJECT_CONVERSION = YES_AGGRESSIVE;
				CLANG_CXX_LANGUAGE_STANDARD = "gnu++17";
				CLANG_ENABLE_MODULES = YES;
				CLANG_ENABLE_OBJC_ARC = YES;
				CLANG_ENABLE_OBJC_WEAK = YES;
				CLANG_WARN_BLOCK_CAPTURE_AUTORELEASING = YES;
				CLANG_WARN_BOOL_CONVERSION = YES;
				CLANG_WARN_COMMA = YES;
				CLANG_WARN_CONSTANT_CONVERSION = YES;
				CLANG_WARN_DEPRECATED_OBJC_IMPLEMENTATIONS = YES;
				CLANG_WARN_DIRECT_OBJC_ISA_USAGE = YES_ERROR;
				CLANG_WARN_DOCUMENTATION_COMMENTS = YES;
				CLANG_WARN_EMPTY_BODY = YES;
				CLANG_WARN_ENUM_CONVERSION = YES;
				CLANG_WARN_INFINITE_RECURSION = YES;
				CLANG_WARN_INT_CONVERSION = YES;
				CLANG_WARN_NON_LITERAL_NULL_CONVERSION = YES;
				CLANG_WARN_OBJC_IMPLICIT_RETAIN_SELF = YES;
				CLANG_WARN_OBJC_LITERAL_CONVERSION = YES;
				CLANG_WARN_OBJC_ROOT_CLASS = YES_ERROR;
				CLANG_WARN_QUOTED_INCLUDE_IN_FRAMEWORK_HEADER = YES;
				CLANG_WARN_RANGE_LOOP_ANALYSIS = YES;
				CLANG_WARN_STRICT_PROTOTYPES = YES;
				CLANG_WARN_SUSPICIOUS_MOVE = YES;
				CLANG_WARN_UNGUARDED_AVAILABILITY = YES_AGGRESSIVE;
				CLANG_WARN_UNREACHABLE_CODE = YES;
				CLANG_WARN__DUPLICATE_METHOD_MATCH = YES;
				COPY_PHASE_STRIP = NO;
				DEBUG_INFORMATION_FORMAT = dwarf;
				ENABLE_STRICT_OBJC_MSGSEND = YES;
				ENABLE_TESTABILITY = YES;
				"EXCLUDED_ARCHS[sdk=iphonesimulator*]" = arm64;
				GCC_C_LANGUAGE_STANDARD = gnu11;
				GCC_DYNAMIC_NO_PIC = NO;
				GCC_NO_COMMON_BLOCKS = YES;
				GCC_OPTIMIZATION_LEVEL = 0;
				GCC_PREPROCESSOR_DEFINITIONS = (
					"DEBUG=1",
					"$(inherited)",
				);
				GCC_WARN_64_TO_32_BIT_CONVERSION = YES;
				GCC_WARN_ABOUT_RETURN_TYPE = YES_ERROR;
				GCC_WARN_UNDECLARED_SELECTOR = YES;
				GCC_WARN_UNINITIALIZED_AUTOS = YES_AGGRESSIVE;
				GCC_WARN_UNUSED_FUNCTION = YES;
				GCC_WARN_UNUSED_VARIABLE = YES;
				IPHONEOS_DEPLOYMENT_TARGET = 15.4;
				MTL_ENABLE_DEBUG_INFO = INCLUDE_SOURCE;
				MTL_FAST_MATH = YES;
				ONLY_ACTIVE_ARCH = YES;
				SDKROOT = iphoneos;
				SWIFT_ACTIVE_COMPILATION_CONDITIONS = DEBUG;
				SWIFT_OPTIMIZATION_LEVEL = "-Onone";
			};
			name = Debug;
		};
		9428AE3F2957170E00DC7907 /* Release */ = {
			isa = XCBuildConfiguration;
			buildSettings = {
				ALWAYS_SEARCH_USER_PATHS = NO;
				CLANG_ANALYZER_NONNULL = YES;
				CLANG_ANALYZER_NUMBER_OBJECT_CONVERSION = YES_AGGRESSIVE;
				CLANG_CXX_LANGUAGE_STANDARD = "gnu++17";
				CLANG_ENABLE_MODULES = YES;
				CLANG_ENABLE_OBJC_ARC = YES;
				CLANG_ENABLE_OBJC_WEAK = YES;
				CLANG_WARN_BLOCK_CAPTURE_AUTORELEASING = YES;
				CLANG_WARN_BOOL_CONVERSION = YES;
				CLANG_WARN_COMMA = YES;
				CLANG_WARN_CONSTANT_CONVERSION = YES;
				CLANG_WARN_DEPRECATED_OBJC_IMPLEMENTATIONS = YES;
				CLANG_WARN_DIRECT_OBJC_ISA_USAGE = YES_ERROR;
				CLANG_WARN_DOCUMENTATION_COMMENTS = YES;
				CLANG_WARN_EMPTY_BODY = YES;
				CLANG_WARN_ENUM_CONVERSION = YES;
				CLANG_WARN_INFINITE_RECURSION = YES;
				CLANG_WARN_INT_CONVERSION = YES;
				CLANG_WARN_NON_LITERAL_NULL_CONVERSION = YES;
				CLANG_WARN_OBJC_IMPLICIT_RETAIN_SELF = YES;
				CLANG_WARN_OBJC_LITERAL_CONVERSION = YES;
				CLANG_WARN_OBJC_ROOT_CLASS = YES_ERROR;
				CLANG_WARN_QUOTED_INCLUDE_IN_FRAMEWORK_HEADER = YES;
				CLANG_WARN_RANGE_LOOP_ANALYSIS = YES;
				CLANG_WARN_STRICT_PROTOTYPES = YES;
				CLANG_WARN_SUSPICIOUS_MOVE = YES;
				CLANG_WARN_UNGUARDED_AVAILABILITY = YES_AGGRESSIVE;
				CLANG_WARN_UNREACHABLE_CODE = YES;
				CLANG_WARN__DUPLICATE_METHOD_MATCH = YES;
				COPY_PHASE_STRIP = NO;
				DEBUG_INFORMATION_FORMAT = "dwarf-with-dsym";
				ENABLE_NS_ASSERTIONS = NO;
				ENABLE_STRICT_OBJC_MSGSEND = YES;
				GCC_C_LANGUAGE_STANDARD = gnu11;
				GCC_NO_COMMON_BLOCKS = YES;
				GCC_WARN_64_TO_32_BIT_CONVERSION = YES;
				GCC_WARN_ABOUT_RETURN_TYPE = YES_ERROR;
				GCC_WARN_UNDECLARED_SELECTOR = YES;
				GCC_WARN_UNINITIALIZED_AUTOS = YES_AGGRESSIVE;
				GCC_WARN_UNUSED_FUNCTION = YES;
				GCC_WARN_UNUSED_VARIABLE = YES;
				IPHONEOS_DEPLOYMENT_TARGET = 15.4;
				MTL_ENABLE_DEBUG_INFO = NO;
				MTL_FAST_MATH = YES;
				SDKROOT = iphoneos;
				SWIFT_COMPILATION_MODE = wholemodule;
				SWIFT_OPTIMIZATION_LEVEL = "-O";
				VALIDATE_PRODUCT = YES;
			};
			name = Release;
		};
		9428AE412957170E00DC7907 /* Debug */ = {
			isa = XCBuildConfiguration;
			baseConfigurationReference = 7BE8EA2EFB4AA509DCAF84E1 /* Pods-KreamWaffleApp.debug.xcconfig */;
			buildSettings = {
				ASSETCATALOG_COMPILER_APPICON_NAME = AppIcon;
				ASSETCATALOG_COMPILER_GLOBAL_ACCENT_COLOR_NAME = AccentColor;
				CODE_SIGN_STYLE = Automatic;
				CURRENT_PROJECT_VERSION = 1;
				DEVELOPMENT_TEAM = ZK7MDCDTQ4;
				GENERATE_INFOPLIST_FILE = YES;
				INFOPLIST_FILE = KreamWaffleApp/Info.plist;
				INFOPLIST_KEY_UIApplicationSupportsIndirectInputEvents = YES;
				INFOPLIST_KEY_UILaunchStoryboardName = LaunchScreen;
				INFOPLIST_KEY_UISupportedInterfaceOrientations_iPad = "UIInterfaceOrientationPortrait UIInterfaceOrientationPortraitUpsideDown UIInterfaceOrientationLandscapeLeft UIInterfaceOrientationLandscapeRight";
				INFOPLIST_KEY_UISupportedInterfaceOrientations_iPhone = "UIInterfaceOrientationPortrait UIInterfaceOrientationLandscapeLeft UIInterfaceOrientationLandscapeRight";
				LD_RUNPATH_SEARCH_PATHS = (
					"$(inherited)",
					"@executable_path/Frameworks",
				);
				MARKETING_VERSION = 1.0;
				PRODUCT_BUNDLE_IDENTIFIER = com.sunjaelee.KreamWaffleApp;
				PRODUCT_NAME = "$(TARGET_NAME)";
				SWIFT_EMIT_LOC_STRINGS = YES;
				SWIFT_VERSION = 5.0;
				TARGETED_DEVICE_FAMILY = "1,2";
			};
			name = Debug;
		};
		9428AE422957170E00DC7907 /* Release */ = {
			isa = XCBuildConfiguration;
			baseConfigurationReference = F122331DD65FD034FF9C3C3A /* Pods-KreamWaffleApp.release.xcconfig */;
			buildSettings = {
				ASSETCATALOG_COMPILER_APPICON_NAME = AppIcon;
				ASSETCATALOG_COMPILER_GLOBAL_ACCENT_COLOR_NAME = AccentColor;
				CODE_SIGN_STYLE = Automatic;
				CURRENT_PROJECT_VERSION = 1;
				DEVELOPMENT_TEAM = ZK7MDCDTQ4;
				GENERATE_INFOPLIST_FILE = YES;
				INFOPLIST_FILE = KreamWaffleApp/Info.plist;
				INFOPLIST_KEY_UIApplicationSupportsIndirectInputEvents = YES;
				INFOPLIST_KEY_UILaunchStoryboardName = LaunchScreen;
				INFOPLIST_KEY_UISupportedInterfaceOrientations_iPad = "UIInterfaceOrientationPortrait UIInterfaceOrientationPortraitUpsideDown UIInterfaceOrientationLandscapeLeft UIInterfaceOrientationLandscapeRight";
				INFOPLIST_KEY_UISupportedInterfaceOrientations_iPhone = "UIInterfaceOrientationPortrait UIInterfaceOrientationLandscapeLeft UIInterfaceOrientationLandscapeRight";
				LD_RUNPATH_SEARCH_PATHS = (
					"$(inherited)",
					"@executable_path/Frameworks",
				);
				MARKETING_VERSION = 1.0;
				PRODUCT_BUNDLE_IDENTIFIER = com.sunjaelee.KreamWaffleApp;
				PRODUCT_NAME = "$(TARGET_NAME)";
				SWIFT_EMIT_LOC_STRINGS = YES;
				SWIFT_VERSION = 5.0;
				TARGETED_DEVICE_FAMILY = "1,2";
			};
			name = Release;
		};
/* End XCBuildConfiguration section */

/* Begin XCConfigurationList section */
		9428AE272957170600DC7907 /* Build configuration list for PBXProject "KreamWaffleApp" */ = {
			isa = XCConfigurationList;
			buildConfigurations = (
				9428AE3E2957170E00DC7907 /* Debug */,
				9428AE3F2957170E00DC7907 /* Release */,
			);
			defaultConfigurationIsVisible = 0;
			defaultConfigurationName = Release;
		};
		9428AE402957170E00DC7907 /* Build configuration list for PBXNativeTarget "KreamWaffleApp" */ = {
			isa = XCConfigurationList;
			buildConfigurations = (
				9428AE412957170E00DC7907 /* Debug */,
				9428AE422957170E00DC7907 /* Release */,
			);
			defaultConfigurationIsVisible = 0;
			defaultConfigurationName = Release;
		};
/* End XCConfigurationList section */
	};
	rootObject = 9428AE242957170600DC7907 /* Project object */;
}
