// !$*UTF8*$!
{
	archiveVersion = 1;
	classes = {
	};
	objectVersion = 55;
	objects = {

/* Begin PBXBuildFile section */
		803C01DCCCA57BF0F6A4D8EC /* Pods_KreamWaffleApp.framework in Frameworks */ = {isa = PBXBuildFile; fileRef = 83F93B58CDD3CD68921217B2 /* Pods_KreamWaffleApp.framework */; };
		9409BB6829587B8400107717 /* TabBarViewController.swift in Sources */ = {isa = PBXBuildFile; fileRef = 9409BB6729587B8400107717 /* TabBarViewController.swift */; };
		9428AE302957170600DC7907 /* AppDelegate.swift in Sources */ = {isa = PBXBuildFile; fileRef = 9428AE2F2957170600DC7907 /* AppDelegate.swift */; };
		9428AE322957170600DC7907 /* SceneDelegate.swift in Sources */ = {isa = PBXBuildFile; fileRef = 9428AE312957170600DC7907 /* SceneDelegate.swift */; };
		9428AE342957170600DC7907 /* ViewController.swift in Sources */ = {isa = PBXBuildFile; fileRef = 9428AE332957170600DC7907 /* ViewController.swift */; };
		9428AE392957170E00DC7907 /* Assets.xcassets in Resources */ = {isa = PBXBuildFile; fileRef = 9428AE382957170E00DC7907 /* Assets.xcassets */; };
		9428AE47295718E200DC7907 /* ViewModel.swift in Sources */ = {isa = PBXBuildFile; fileRef = 9428AE46295718E200DC7907 /* ViewModel.swift */; };
		9428AE492957193D00DC7907 /* HomeTabViewController.swift in Sources */ = {isa = PBXBuildFile; fileRef = 9428AE482957193D00DC7907 /* HomeTabViewController.swift */; };
		9428AE4B2957197B00DC7907 /* StyleTabViewController.swift in Sources */ = {isa = PBXBuildFile; fileRef = 9428AE4A2957197B00DC7907 /* StyleTabViewController.swift */; };
		9428AE4D295719A500DC7907 /* ShopTabViewController.swift in Sources */ = {isa = PBXBuildFile; fileRef = 9428AE4C295719A500DC7907 /* ShopTabViewController.swift */; };
		944A111B2959A6F800F8CDB7 /* ProductDetailViewController.swift in Sources */ = {isa = PBXBuildFile; fileRef = 944A111A2959A6F800F8CDB7 /* ProductDetailViewController.swift */; };
		948C66952958482E00561C59 /* MyTabViewController.swift in Sources */ = {isa = PBXBuildFile; fileRef = 948C66942958482E00561C59 /* MyTabViewController.swift */; };
/* End PBXBuildFile section */

/* Begin PBXFileReference section */
		83F93B58CDD3CD68921217B2 /* Pods_KreamWaffleApp.framework */ = {isa = PBXFileReference; explicitFileType = wrapper.framework; includeInIndex = 0; path = Pods_KreamWaffleApp.framework; sourceTree = BUILT_PRODUCTS_DIR; };
		9409BB6729587B8400107717 /* TabBarViewController.swift */ = {isa = PBXFileReference; lastKnownFileType = sourcecode.swift; path = TabBarViewController.swift; sourceTree = "<group>"; };
		9428AE2C2957170600DC7907 /* KreamWaffleApp.app */ = {isa = PBXFileReference; explicitFileType = wrapper.application; includeInIndex = 0; path = KreamWaffleApp.app; sourceTree = BUILT_PRODUCTS_DIR; };
		9428AE2F2957170600DC7907 /* AppDelegate.swift */ = {isa = PBXFileReference; lastKnownFileType = sourcecode.swift; path = AppDelegate.swift; sourceTree = "<group>"; };
		9428AE312957170600DC7907 /* SceneDelegate.swift */ = {isa = PBXFileReference; lastKnownFileType = sourcecode.swift; path = SceneDelegate.swift; sourceTree = "<group>"; };
		9428AE332957170600DC7907 /* ViewController.swift */ = {isa = PBXFileReference; lastKnownFileType = sourcecode.swift; path = ViewController.swift; sourceTree = "<group>"; };
		9428AE382957170E00DC7907 /* Assets.xcassets */ = {isa = PBXFileReference; lastKnownFileType = folder.assetcatalog; path = Assets.xcassets; sourceTree = "<group>"; };
		9428AE3D2957170E00DC7907 /* Info.plist */ = {isa = PBXFileReference; lastKnownFileType = text.plist.xml; path = Info.plist; sourceTree = "<group>"; };
		9428AE46295718E200DC7907 /* ViewModel.swift */ = {isa = PBXFileReference; lastKnownFileType = sourcecode.swift; path = ViewModel.swift; sourceTree = "<group>"; };
		9428AE482957193D00DC7907 /* HomeTabViewController.swift */ = {isa = PBXFileReference; lastKnownFileType = sourcecode.swift; path = HomeTabViewController.swift; sourceTree = "<group>"; };
		9428AE4A2957197B00DC7907 /* StyleTabViewController.swift */ = {isa = PBXFileReference; lastKnownFileType = sourcecode.swift; path = StyleTabViewController.swift; sourceTree = "<group>"; };
		9428AE4C295719A500DC7907 /* ShopTabViewController.swift */ = {isa = PBXFileReference; lastKnownFileType = sourcecode.swift; path = ShopTabViewController.swift; sourceTree = "<group>"; };
		944A111A2959A6F800F8CDB7 /* ProductDetailViewController.swift */ = {isa = PBXFileReference; lastKnownFileType = sourcecode.swift; path = ProductDetailViewController.swift; sourceTree = "<group>"; };
		948C66942958482E00561C59 /* MyTabViewController.swift */ = {isa = PBXFileReference; lastKnownFileType = sourcecode.swift; path = MyTabViewController.swift; sourceTree = "<group>"; };
		963AA42716037A5545EA56B5 /* Pods-KreamWaffleApp.debug.xcconfig */ = {isa = PBXFileReference; includeInIndex = 1; lastKnownFileType = text.xcconfig; name = "Pods-KreamWaffleApp.debug.xcconfig"; path = "Target Support Files/Pods-KreamWaffleApp/Pods-KreamWaffleApp.debug.xcconfig"; sourceTree = "<group>"; };
		DFC8943BCFE932E6CA557794 /* Pods-KreamWaffleApp.release.xcconfig */ = {isa = PBXFileReference; includeInIndex = 1; lastKnownFileType = text.xcconfig; name = "Pods-KreamWaffleApp.release.xcconfig"; path = "Target Support Files/Pods-KreamWaffleApp/Pods-KreamWaffleApp.release.xcconfig"; sourceTree = "<group>"; };
/* End PBXFileReference section */

/* Begin PBXFrameworksBuildPhase section */
		9428AE292957170600DC7907 /* Frameworks */ = {
			isa = PBXFrameworksBuildPhase;
			buildActionMask = 2147483647;
			files = (
				803C01DCCCA57BF0F6A4D8EC /* Pods_KreamWaffleApp.framework in Frameworks */,
			);
			runOnlyForDeploymentPostprocessing = 0;
		};
/* End PBXFrameworksBuildPhase section */

/* Begin PBXGroup section */
		9409BB6929587BB200107717 /* ViewModels */ = {
			isa = PBXGroup;
			children = (
				9428AE46295718E200DC7907 /* ViewModel.swift */,
			);
			path = ViewModels;
			sourceTree = "<group>";
		};
		9428AE232957170600DC7907 = {
			isa = PBXGroup;
			children = (
				9428AE2E2957170600DC7907 /* KreamWaffleApp */,
				9428AE2D2957170600DC7907 /* Products */,
				CDEB783CBD992C2ADDAC92D4 /* Pods */,
				B06987D2362874410659D8C6 /* Frameworks */,
			);
			sourceTree = "<group>";
		};
		9428AE2D2957170600DC7907 /* Products */ = {
			isa = PBXGroup;
			children = (
				9428AE2C2957170600DC7907 /* KreamWaffleApp.app */,
			);
			name = Products;
			sourceTree = "<group>";
		};
		9428AE2E2957170600DC7907 /* KreamWaffleApp */ = {
			isa = PBXGroup;
			children = (
				9428AE2F2957170600DC7907 /* AppDelegate.swift */,
				9428AE312957170600DC7907 /* SceneDelegate.swift */,
				9409BB6929587BB200107717 /* ViewModels */,
				948C669629587B2200561C59 /* ViewControllers */,
				9428AE382957170E00DC7907 /* Assets.xcassets */,
				9428AE3D2957170E00DC7907 /* Info.plist */,
			);
			path = KreamWaffleApp;
			sourceTree = "<group>";
		};
		948C669629587B2200561C59 /* ViewControllers */ = {
			isa = PBXGroup;
			children = (
				9428AE332957170600DC7907 /* ViewController.swift */,
				9409BB6729587B8400107717 /* TabBarViewController.swift */,
				9428AE482957193D00DC7907 /* HomeTabViewController.swift */,
				9428AE4A2957197B00DC7907 /* StyleTabViewController.swift */,
				9428AE4C295719A500DC7907 /* ShopTabViewController.swift */,
				948C66942958482E00561C59 /* MyTabViewController.swift */,
				944A111A2959A6F800F8CDB7 /* ProductDetailViewController.swift */,
			);
			path = ViewControllers;
			sourceTree = "<group>";
		};
		B06987D2362874410659D8C6 /* Frameworks */ = {
			isa = PBXGroup;
			children = (
				83F93B58CDD3CD68921217B2 /* Pods_KreamWaffleApp.framework */,
			);
			name = Frameworks;
			sourceTree = "<group>";
		};
		CDEB783CBD992C2ADDAC92D4 /* Pods */ = {
			isa = PBXGroup;
			children = (
				963AA42716037A5545EA56B5 /* Pods-KreamWaffleApp.debug.xcconfig */,
				DFC8943BCFE932E6CA557794 /* Pods-KreamWaffleApp.release.xcconfig */,
			);
			path = Pods;
			sourceTree = "<group>";
		};
/* End PBXGroup section */

/* Begin PBXNativeTarget section */
		9428AE2B2957170600DC7907 /* KreamWaffleApp */ = {
			isa = PBXNativeTarget;
			buildConfigurationList = 9428AE402957170E00DC7907 /* Build configuration list for PBXNativeTarget "KreamWaffleApp" */;
			buildPhases = (
				20613C9DF23872E0DF3B59B2 /* [CP] Check Pods Manifest.lock */,
				9428AE282957170600DC7907 /* Sources */,
				9428AE292957170600DC7907 /* Frameworks */,
				9428AE2A2957170600DC7907 /* Resources */,
				2E6A9558CDD05505DB711A75 /* [CP] Embed Pods Frameworks */,
			);
			buildRules = (
			);
			dependencies = (
			);
			name = KreamWaffleApp;
			productName = KreamWaffleApp;
			productReference = 9428AE2C2957170600DC7907 /* KreamWaffleApp.app */;
			productType = "com.apple.product-type.application";
		};
/* End PBXNativeTarget section */

/* Begin PBXProject section */
		9428AE242957170600DC7907 /* Project object */ = {
			isa = PBXProject;
			attributes = {
				BuildIndependentTargetsInParallel = 1;
				LastSwiftUpdateCheck = 1340;
				LastUpgradeCheck = 1340;
				TargetAttributes = {
					9428AE2B2957170600DC7907 = {
						CreatedOnToolsVersion = 13.4.1;
					};
				};
			};
			buildConfigurationList = 9428AE272957170600DC7907 /* Build configuration list for PBXProject "KreamWaffleApp" */;
			compatibilityVersion = "Xcode 13.0";
			developmentRegion = en;
			hasScannedForEncodings = 0;
			knownRegions = (
				en,
				Base,
			);
			mainGroup = 9428AE232957170600DC7907;
			productRefGroup = 9428AE2D2957170600DC7907 /* Products */;
			projectDirPath = "";
			projectRoot = "";
			targets = (
				9428AE2B2957170600DC7907 /* KreamWaffleApp */,
			);
		};
/* End PBXProject section */

/* Begin PBXResourcesBuildPhase section */
		9428AE2A2957170600DC7907 /* Resources */ = {
			isa = PBXResourcesBuildPhase;
			buildActionMask = 2147483647;
			files = (
				9428AE392957170E00DC7907 /* Assets.xcassets in Resources */,
			);
			runOnlyForDeploymentPostprocessing = 0;
		};
/* End PBXResourcesBuildPhase section */

/* Begin PBXShellScriptBuildPhase section */
		20613C9DF23872E0DF3B59B2 /* [CP] Check Pods Manifest.lock */ = {
			isa = PBXShellScriptBuildPhase;
			buildActionMask = 2147483647;
			files = (
			);
			inputFileListPaths = (
			);
			inputPaths = (
				"${PODS_PODFILE_DIR_PATH}/Podfile.lock",
				"${PODS_ROOT}/Manifest.lock",
			);
			name = "[CP] Check Pods Manifest.lock";
			outputFileListPaths = (
			);
			outputPaths = (
				"$(DERIVED_FILE_DIR)/Pods-KreamWaffleApp-checkManifestLockResult.txt",
			);
			runOnlyForDeploymentPostprocessing = 0;
			shellPath = /bin/sh;
			shellScript = "diff \"${PODS_PODFILE_DIR_PATH}/Podfile.lock\" \"${PODS_ROOT}/Manifest.lock\" > /dev/null\nif [ $? != 0 ] ; then\n    # print error to STDERR\n    echo \"error: The sandbox is not in sync with the Podfile.lock. Run 'pod install' or update your CocoaPods installation.\" >&2\n    exit 1\nfi\n# This output is used by Xcode 'outputs' to avoid re-running this script phase.\necho \"SUCCESS\" > \"${SCRIPT_OUTPUT_FILE_0}\"\n";
			showEnvVarsInLog = 0;
		};
		2E6A9558CDD05505DB711A75 /* [CP] Embed Pods Frameworks */ = {
			isa = PBXShellScriptBuildPhase;
			buildActionMask = 2147483647;
			files = (
			);
			inputFileListPaths = (
				"${PODS_ROOT}/Target Support Files/Pods-KreamWaffleApp/Pods-KreamWaffleApp-frameworks-${CONFIGURATION}-input-files.xcfilelist",
			);
			name = "[CP] Embed Pods Frameworks";
			outputFileListPaths = (
				"${PODS_ROOT}/Target Support Files/Pods-KreamWaffleApp/Pods-KreamWaffleApp-frameworks-${CONFIGURATION}-output-files.xcfilelist",
			);
			runOnlyForDeploymentPostprocessing = 0;
			shellPath = /bin/sh;
			shellScript = "\"${PODS_ROOT}/Target Support Files/Pods-KreamWaffleApp/Pods-KreamWaffleApp-frameworks.sh\"\n";
			showEnvVarsInLog = 0;
		};
/* End PBXShellScriptBuildPhase section */

/* Begin PBXSourcesBuildPhase section */
		9428AE282957170600DC7907 /* Sources */ = {
			isa = PBXSourcesBuildPhase;
			buildActionMask = 2147483647;
			files = (
				9428AE47295718E200DC7907 /* ViewModel.swift in Sources */,
				9428AE342957170600DC7907 /* ViewController.swift in Sources */,
				9428AE302957170600DC7907 /* AppDelegate.swift in Sources */,
				9428AE4B2957197B00DC7907 /* StyleTabViewController.swift in Sources */,
				948C66952958482E00561C59 /* MyTabViewController.swift in Sources */,
				9428AE322957170600DC7907 /* SceneDelegate.swift in Sources */,
				9428AE4D295719A500DC7907 /* ShopTabViewController.swift in Sources */,
				944A111B2959A6F800F8CDB7 /* ProductDetailViewController.swift in Sources */,
				9409BB6829587B8400107717 /* TabBarViewController.swift in Sources */,
				9428AE492957193D00DC7907 /* HomeTabViewController.swift in Sources */,
			);
			runOnlyForDeploymentPostprocessing = 0;
		};
/* End PBXSourcesBuildPhase section */

/* Begin XCBuildConfiguration section */
		9428AE3E2957170E00DC7907 /* Debug */ = {
			isa = XCBuildConfiguration;
			buildSettings = {
				ALWAYS_SEARCH_USER_PATHS = NO;
				CLANG_ANALYZER_NONNULL = YES;
				CLANG_ANALYZER_NUMBER_OBJECT_CONVERSION = YES_AGGRESSIVE;
				CLANG_CXX_LANGUAGE_STANDARD = "gnu++17";
				CLANG_ENABLE_MODULES = YES;
				CLANG_ENABLE_OBJC_ARC = YES;
				CLANG_ENABLE_OBJC_WEAK = YES;
				CLANG_WARN_BLOCK_CAPTURE_AUTORELEASING = YES;
				CLANG_WARN_BOOL_CONVERSION = YES;
				CLANG_WARN_COMMA = YES;
				CLANG_WARN_CONSTANT_CONVERSION = YES;
				CLANG_WARN_DEPRECATED_OBJC_IMPLEMENTATIONS = YES;
				CLANG_WARN_DIRECT_OBJC_ISA_USAGE = YES_ERROR;
				CLANG_WARN_DOCUMENTATION_COMMENTS = YES;
				CLANG_WARN_EMPTY_BODY = YES;
				CLANG_WARN_ENUM_CONVERSION = YES;
				CLANG_WARN_INFINITE_RECURSION = YES;
				CLANG_WARN_INT_CONVERSION = YES;
				CLANG_WARN_NON_LITERAL_NULL_CONVERSION = YES;
				CLANG_WARN_OBJC_IMPLICIT_RETAIN_SELF = YES;
				CLANG_WARN_OBJC_LITERAL_CONVERSION = YES;
				CLANG_WARN_OBJC_ROOT_CLASS = YES_ERROR;
				CLANG_WARN_QUOTED_INCLUDE_IN_FRAMEWORK_HEADER = YES;
				CLANG_WARN_RANGE_LOOP_ANALYSIS = YES;
				CLANG_WARN_STRICT_PROTOTYPES = YES;
				CLANG_WARN_SUSPICIOUS_MOVE = YES;
				CLANG_WARN_UNGUARDED_AVAILABILITY = YES_AGGRESSIVE;
				CLANG_WARN_UNREACHABLE_CODE = YES;
				CLANG_WARN__DUPLICATE_METHOD_MATCH = YES;
				COPY_PHASE_STRIP = NO;
				DEBUG_INFORMATION_FORMAT = dwarf;
				ENABLE_STRICT_OBJC_MSGSEND = YES;
				ENABLE_TESTABILITY = YES;
				"EXCLUDED_ARCHS[sdk=iphonesimulator*]" = arm64;
				GCC_C_LANGUAGE_STANDARD = gnu11;
				GCC_DYNAMIC_NO_PIC = NO;
				GCC_NO_COMMON_BLOCKS = YES;
				GCC_OPTIMIZATION_LEVEL = 0;
				GCC_PREPROCESSOR_DEFINITIONS = (
					"DEBUG=1",
					"$(inherited)",
				);
				GCC_WARN_64_TO_32_BIT_CONVERSION = YES;
				GCC_WARN_ABOUT_RETURN_TYPE = YES_ERROR;
				GCC_WARN_UNDECLARED_SELECTOR = YES;
				GCC_WARN_UNINITIALIZED_AUTOS = YES_AGGRESSIVE;
				GCC_WARN_UNUSED_FUNCTION = YES;
				GCC_WARN_UNUSED_VARIABLE = YES;
				IPHONEOS_DEPLOYMENT_TARGET = 15.4;
				MTL_ENABLE_DEBUG_INFO = INCLUDE_SOURCE;
				MTL_FAST_MATH = YES;
				ONLY_ACTIVE_ARCH = YES;
				SDKROOT = iphoneos;
				SWIFT_ACTIVE_COMPILATION_CONDITIONS = DEBUG;
				SWIFT_OPTIMIZATION_LEVEL = "-Onone";
			};
			name = Debug;
		};
		9428AE3F2957170E00DC7907 /* Release */ = {
			isa = XCBuildConfiguration;
			buildSettings = {
				ALWAYS_SEARCH_USER_PATHS = NO;
				CLANG_ANALYZER_NONNULL = YES;
				CLANG_ANALYZER_NUMBER_OBJECT_CONVERSION = YES_AGGRESSIVE;
				CLANG_CXX_LANGUAGE_STANDARD = "gnu++17";
				CLANG_ENABLE_MODULES = YES;
				CLANG_ENABLE_OBJC_ARC = YES;
				CLANG_ENABLE_OBJC_WEAK = YES;
				CLANG_WARN_BLOCK_CAPTURE_AUTORELEASING = YES;
				CLANG_WARN_BOOL_CONVERSION = YES;
				CLANG_WARN_COMMA = YES;
				CLANG_WARN_CONSTANT_CONVERSION = YES;
				CLANG_WARN_DEPRECATED_OBJC_IMPLEMENTATIONS = YES;
				CLANG_WARN_DIRECT_OBJC_ISA_USAGE = YES_ERROR;
				CLANG_WARN_DOCUMENTATION_COMMENTS = YES;
				CLANG_WARN_EMPTY_BODY = YES;
				CLANG_WARN_ENUM_CONVERSION = YES;
				CLANG_WARN_INFINITE_RECURSION = YES;
				CLANG_WARN_INT_CONVERSION = YES;
				CLANG_WARN_NON_LITERAL_NULL_CONVERSION = YES;
				CLANG_WARN_OBJC_IMPLICIT_RETAIN_SELF = YES;
				CLANG_WARN_OBJC_LITERAL_CONVERSION = YES;
				CLANG_WARN_OBJC_ROOT_CLASS = YES_ERROR;
				CLANG_WARN_QUOTED_INCLUDE_IN_FRAMEWORK_HEADER = YES;
				CLANG_WARN_RANGE_LOOP_ANALYSIS = YES;
				CLANG_WARN_STRICT_PROTOTYPES = YES;
				CLANG_WARN_SUSPICIOUS_MOVE = YES;
				CLANG_WARN_UNGUARDED_AVAILABILITY = YES_AGGRESSIVE;
				CLANG_WARN_UNREACHABLE_CODE = YES;
				CLANG_WARN__DUPLICATE_METHOD_MATCH = YES;
				COPY_PHASE_STRIP = NO;
				DEBUG_INFORMATION_FORMAT = "dwarf-with-dsym";
				ENABLE_NS_ASSERTIONS = NO;
				ENABLE_STRICT_OBJC_MSGSEND = YES;
				GCC_C_LANGUAGE_STANDARD = gnu11;
				GCC_NO_COMMON_BLOCKS = YES;
				GCC_WARN_64_TO_32_BIT_CONVERSION = YES;
				GCC_WARN_ABOUT_RETURN_TYPE = YES_ERROR;
				GCC_WARN_UNDECLARED_SELECTOR = YES;
				GCC_WARN_UNINITIALIZED_AUTOS = YES_AGGRESSIVE;
				GCC_WARN_UNUSED_FUNCTION = YES;
				GCC_WARN_UNUSED_VARIABLE = YES;
				IPHONEOS_DEPLOYMENT_TARGET = 15.4;
				MTL_ENABLE_DEBUG_INFO = NO;
				MTL_FAST_MATH = YES;
				SDKROOT = iphoneos;
				SWIFT_COMPILATION_MODE = wholemodule;
				SWIFT_OPTIMIZATION_LEVEL = "-O";
				VALIDATE_PRODUCT = YES;
			};
			name = Release;
		};
		9428AE412957170E00DC7907 /* Debug */ = {
			isa = XCBuildConfiguration;
			baseConfigurationReference = 963AA42716037A5545EA56B5 /* Pods-KreamWaffleApp.debug.xcconfig */;
			buildSettings = {
				ASSETCATALOG_COMPILER_APPICON_NAME = AppIcon;
				ASSETCATALOG_COMPILER_GLOBAL_ACCENT_COLOR_NAME = AccentColor;
				CODE_SIGN_STYLE = Automatic;
				CURRENT_PROJECT_VERSION = 1;
				DEVELOPMENT_TEAM = ZK7MDCDTQ4;
				GENERATE_INFOPLIST_FILE = YES;
				INFOPLIST_FILE = KreamWaffleApp/Info.plist;
				INFOPLIST_KEY_UIApplicationSupportsIndirectInputEvents = YES;
				INFOPLIST_KEY_UILaunchStoryboardName = LaunchScreen;
				INFOPLIST_KEY_UISupportedInterfaceOrientations_iPad = "UIInterfaceOrientationPortrait UIInterfaceOrientationPortraitUpsideDown UIInterfaceOrientationLandscapeLeft UIInterfaceOrientationLandscapeRight";
				INFOPLIST_KEY_UISupportedInterfaceOrientations_iPhone = "UIInterfaceOrientationPortrait UIInterfaceOrientationLandscapeLeft UIInterfaceOrientationLandscapeRight";
				LD_RUNPATH_SEARCH_PATHS = (
					"$(inherited)",
					"@executable_path/Frameworks",
				);
				MARKETING_VERSION = 1.0;
				PRODUCT_BUNDLE_IDENTIFIER = com.sunjaelee.KreamWaffleApp;
				PRODUCT_NAME = "$(TARGET_NAME)";
				SWIFT_EMIT_LOC_STRINGS = YES;
				SWIFT_VERSION = 5.0;
				TARGETED_DEVICE_FAMILY = "1,2";
			};
			name = Debug;
		};
		9428AE422957170E00DC7907 /* Release */ = {
			isa = XCBuildConfiguration;
			baseConfigurationReference = DFC8943BCFE932E6CA557794 /* Pods-KreamWaffleApp.release.xcconfig */;
			buildSettings = {
				ASSETCATALOG_COMPILER_APPICON_NAME = AppIcon;
				ASSETCATALOG_COMPILER_GLOBAL_ACCENT_COLOR_NAME = AccentColor;
				CODE_SIGN_STYLE = Automatic;
				CURRENT_PROJECT_VERSION = 1;
				DEVELOPMENT_TEAM = ZK7MDCDTQ4;
				GENERATE_INFOPLIST_FILE = YES;
				INFOPLIST_FILE = KreamWaffleApp/Info.plist;
				INFOPLIST_KEY_UIApplicationSupportsIndirectInputEvents = YES;
				INFOPLIST_KEY_UILaunchStoryboardName = LaunchScreen;
				INFOPLIST_KEY_UISupportedInterfaceOrientations_iPad = "UIInterfaceOrientationPortrait UIInterfaceOrientationPortraitUpsideDown UIInterfaceOrientationLandscapeLeft UIInterfaceOrientationLandscapeRight";
				INFOPLIST_KEY_UISupportedInterfaceOrientations_iPhone = "UIInterfaceOrientationPortrait UIInterfaceOrientationLandscapeLeft UIInterfaceOrientationLandscapeRight";
				LD_RUNPATH_SEARCH_PATHS = (
					"$(inherited)",
					"@executable_path/Frameworks",
				);
				MARKETING_VERSION = 1.0;
				PRODUCT_BUNDLE_IDENTIFIER = com.sunjaelee.KreamWaffleApp;
				PRODUCT_NAME = "$(TARGET_NAME)";
				SWIFT_EMIT_LOC_STRINGS = YES;
				SWIFT_VERSION = 5.0;
				TARGETED_DEVICE_FAMILY = "1,2";
			};
			name = Release;
		};
/* End XCBuildConfiguration section */

/* Begin XCConfigurationList section */
		9428AE272957170600DC7907 /* Build configuration list for PBXProject "KreamWaffleApp" */ = {
			isa = XCConfigurationList;
			buildConfigurations = (
				9428AE3E2957170E00DC7907 /* Debug */,
				9428AE3F2957170E00DC7907 /* Release */,
			);
			defaultConfigurationIsVisible = 0;
			defaultConfigurationName = Release;
		};
		9428AE402957170E00DC7907 /* Build configuration list for PBXNativeTarget "KreamWaffleApp" */ = {
			isa = XCConfigurationList;
			buildConfigurations = (
				9428AE412957170E00DC7907 /* Debug */,
				9428AE422957170E00DC7907 /* Release */,
			);
			defaultConfigurationIsVisible = 0;
			defaultConfigurationName = Release;
		};
/* End XCConfigurationList section */
	};
	rootObject = 9428AE242957170600DC7907 /* Project object */;
}
