// !$*UTF8*$!
{
	archiveVersion = 1;
	classes = {
	};
	objectVersion = 55;
	objects = {

/* Begin PBXBuildFile section */
		467682F954ED69A475DC9876 /* Pods_KreamWaffleApp.framework in Frameworks */ = {isa = PBXBuildFile; fileRef = 4F052148EFB50AEB9BB9D2B3 /* Pods_KreamWaffleApp.framework */; };
		5C2882B829884A340063C0C1 /* UserListResponse + NestedProfileWrapper.swift in Sources */ = {isa = PBXBuildFile; fileRef = 5C2882B729884A340063C0C1 /* UserListResponse + NestedProfileWrapper.swift */; };
		5C2F9CA1295D77090021D437 /* UIViewController+hideKeyboard.swift in Sources */ = {isa = PBXBuildFile; fileRef = 5C2F9CA0295D77090021D437 /* UIViewController+hideKeyboard.swift */; };
		5C2F9CA6295D7B250021D437 /* StyleFeedViewModel.swift in Sources */ = {isa = PBXBuildFile; fileRef = 5C2F9CA5295D7B250021D437 /* StyleFeedViewModel.swift */; };
		5C2F9CA8295D7B600021D437 /* StyleFeedUsecase.swift in Sources */ = {isa = PBXBuildFile; fileRef = 5C2F9CA7295D7B600021D437 /* StyleFeedUsecase.swift */; };
		5C2F9CAB295D7BCA0021D437 /* ShopRepository.swift in Sources */ = {isa = PBXBuildFile; fileRef = 5C2F9CAA295D7BCA0021D437 /* ShopRepository.swift */; };
		5C2F9CAD295D7C650021D437 /* StyleFeedRepository.swift in Sources */ = {isa = PBXBuildFile; fileRef = 5C2F9CAC295D7C650021D437 /* StyleFeedRepository.swift */; };
		5C63455D296FE3DC00DA6D29 /* UIViewController+setUpBackButton.swift in Sources */ = {isa = PBXBuildFile; fileRef = 5C63455C296FE3DC00DA6D29 /* UIViewController+setUpBackButton.swift */; };
		5C6CE19C2982764100755334 /* NewPostViewModel.swift in Sources */ = {isa = PBXBuildFile; fileRef = 5C6CE19B2982764100755334 /* NewPostViewModel.swift */; };
		5C6CE19E2982768F00755334 /* NewPostRepository.swift in Sources */ = {isa = PBXBuildFile; fileRef = 5C6CE19D2982768F00755334 /* NewPostRepository.swift */; };
		5C6CE1A02983A9D100755334 /* LoadingIndicator.swift in Sources */ = {isa = PBXBuildFile; fileRef = 5C6CE19F2983A9D100755334 /* LoadingIndicator.swift */; };
		5C6CE1A22983D55B00755334 /* CommentResponse+Comment+Reply+ReplyToProfile.swift in Sources */ = {isa = PBXBuildFile; fileRef = 5C6CE1A12983D55B00755334 /* CommentResponse+Comment+Reply+ReplyToProfile.swift */; };
		5C6FBD452976A1ED00B64FF0 /* StylePostUsecase.swift in Sources */ = {isa = PBXBuildFile; fileRef = 5C6FBD442976A1ED00B64FF0 /* StylePostUsecase.swift */; };
		5C6FBD4729796DB300B64FF0 /* NestedProfile.swift in Sources */ = {isa = PBXBuildFile; fileRef = 5C6FBD4629796DB300B64FF0 /* NestedProfile.swift */; };
		5C6FBD492979737C00B64FF0 /* UserListCollectionViewVC.swift in Sources */ = {isa = PBXBuildFile; fileRef = 5C6FBD482979737C00B64FF0 /* UserListCollectionViewVC.swift */; };
		5C6FBD4B2979739100B64FF0 /* LikedUserListViewController.swift in Sources */ = {isa = PBXBuildFile; fileRef = 5C6FBD4A2979739100B64FF0 /* LikedUserListViewController.swift */; };
		5C6FBD4F2979744E00B64FF0 /* UserListUsecase.swift in Sources */ = {isa = PBXBuildFile; fileRef = 5C6FBD4E2979744E00B64FF0 /* UserListUsecase.swift */; };
		5C6FBD512979745D00B64FF0 /* UserListRepositoryProtocol.swift in Sources */ = {isa = PBXBuildFile; fileRef = 5C6FBD502979745D00B64FF0 /* UserListRepositoryProtocol.swift */; };
		5C6FBD542979774100B64FF0 /* LikedUserListRepository.swift in Sources */ = {isa = PBXBuildFile; fileRef = 5C6FBD532979774100B64FF0 /* LikedUserListRepository.swift */; };
		5C6FBD562979776A00B64FF0 /* FollowingUserListRepository.swift in Sources */ = {isa = PBXBuildFile; fileRef = 5C6FBD552979776A00B64FF0 /* FollowingUserListRepository.swift */; };
		5C6FBD582979778900B64FF0 /* FollowerUserListRepository.swift in Sources */ = {isa = PBXBuildFile; fileRef = 5C6FBD572979778900B64FF0 /* FollowerUserListRepository.swift */; };
		5C6FBD5A2979826500B64FF0 /* UserListCollectionViewCell.swift in Sources */ = {isa = PBXBuildFile; fileRef = 5C6FBD592979826500B64FF0 /* UserListCollectionViewCell.swift */; };
		5C6FBD67297A60C200B64FF0 /* UserListViewModel.swift in Sources */ = {isa = PBXBuildFile; fileRef = 5C6FBD66297A60C200B64FF0 /* UserListViewModel.swift */; };
		5C6FBD69297A612C00B64FF0 /* CategoryCollectionViewCell.swift in Sources */ = {isa = PBXBuildFile; fileRef = 5C6FBD68297A612C00B64FF0 /* CategoryCollectionViewCell.swift */; };
		5C6FBD6B297A613700B64FF0 /* ProductCollectionViewCell.swift in Sources */ = {isa = PBXBuildFile; fileRef = 5C6FBD6A297A613700B64FF0 /* ProductCollectionViewCell.swift */; };
		5C6FBD6D297A618900B64FF0 /* ShopPostModel.swift in Sources */ = {isa = PBXBuildFile; fileRef = 5C6FBD6C297A618900B64FF0 /* ShopPostModel.swift */; };
		5C6FBD6F297AD0BA00B64FF0 /* FollowButton.swift in Sources */ = {isa = PBXBuildFile; fileRef = 5C6FBD6E297AD0BA00B64FF0 /* FollowButton.swift */; };
		5C6FBD71297BCBA200B64FF0 /* ProfileViewModel.swift in Sources */ = {isa = PBXBuildFile; fileRef = 5C6FBD70297BCBA200B64FF0 /* ProfileViewModel.swift */; };
		5C6FBD73297BCBAC00B64FF0 /* ProfileUsecase.swift in Sources */ = {isa = PBXBuildFile; fileRef = 5C6FBD72297BCBAC00B64FF0 /* ProfileUsecase.swift */; };
		5C6FBD75297BCBB700B64FF0 /* ProfileRepository.swift in Sources */ = {isa = PBXBuildFile; fileRef = 5C6FBD74297BCBB700B64FF0 /* ProfileRepository.swift */; };
		5C6FBD77297BCCF500B64FF0 /* ProfileViewController.swift in Sources */ = {isa = PBXBuildFile; fileRef = 5C6FBD76297BCCF500B64FF0 /* ProfileViewController.swift */; };
		5C6FBD79297C263200B64FF0 /* Profile.swift in Sources */ = {isa = PBXBuildFile; fileRef = 5C6FBD78297C263200B64FF0 /* Profile.swift */; };
		5C6FBD7B297D132900B64FF0 /* UIViewController+pushUserProfileVC + pushNewPostVC.swift in Sources */ = {isa = PBXBuildFile; fileRef = 5C6FBD7A297D132800B64FF0 /* UIViewController+pushUserProfileVC + pushNewPostVC.swift */; };
		5C6FBD7D297D965A00B64FF0 /* FollowUserListViewController.swift in Sources */ = {isa = PBXBuildFile; fileRef = 5C6FBD7C297D965A00B64FF0 /* FollowUserListViewController.swift */; };
		5CB810DB29683B4B0021FDD6 /* StyleFeedCollectionViewVC.swift in Sources */ = {isa = PBXBuildFile; fileRef = 5CB810DA29683B4B0021FDD6 /* StyleFeedCollectionViewVC.swift */; };
		5CB810DD29683CEF0021FDD6 /* StylePostViewController.swift in Sources */ = {isa = PBXBuildFile; fileRef = 5CB810DC29683CEF0021FDD6 /* StylePostViewController.swift */; };
		5CB810DF29683D4E0021FDD6 /* StylePostRepository.swift in Sources */ = {isa = PBXBuildFile; fileRef = 5CB810DE29683D4E0021FDD6 /* StylePostRepository.swift */; };
		5CB810E129683D6A0021FDD6 /* StylePostViewModel.swift in Sources */ = {isa = PBXBuildFile; fileRef = 5CB810E029683D6A0021FDD6 /* StylePostViewModel.swift */; };
		5CB810E529684F000021FDD6 /* UnderlineSegmentedControl.swift in Sources */ = {isa = PBXBuildFile; fileRef = 5CB810E429684F000021FDD6 /* UnderlineSegmentedControl.swift */; };
		5CE9B340296878BC00B3C894 /* ProductDetailImagesCollectionViewFlowLayout.swift in Sources */ = {isa = PBXBuildFile; fileRef = 5CE9B33F296878BC00B3C894 /* ProductDetailImagesCollectionViewFlowLayout.swift */; };
		5CE9B342296878FD00B3C894 /* ProductDetailViewController.swift in Sources */ = {isa = PBXBuildFile; fileRef = 5CE9B341296878FD00B3C894 /* ProductDetailViewController.swift */; };
		65188908295C1CE70026E003 /* LoginViewController.swift in Sources */ = {isa = PBXBuildFile; fileRef = 65188907295C1CE70026E003 /* LoginViewController.swift */; };
		651E71852977CF1B00D81E2F /* OpeningViewController.swift in Sources */ = {isa = PBXBuildFile; fileRef = 651E71842977CF1A00D81E2F /* OpeningViewController.swift */; };
		651E718B297B7B5200D81E2F /* MyTabSharedUIStackVIew.swift in Sources */ = {isa = PBXBuildFile; fileRef = 651E718A297B7B5200D81E2F /* MyTabSharedUIStackVIew.swift */; };
		651E718D297B989000D81E2F /* AutoAddPaddingButton.swift in Sources */ = {isa = PBXBuildFile; fileRef = 651E718C297B988F00D81E2F /* AutoAddPaddingButton.swift */; };
		6520AEAB295EB9D0002D549D /* CustomTextfield.swift in Sources */ = {isa = PBXBuildFile; fileRef = 6520AEAA295EB9CF002D549D /* CustomTextfield.swift */; };
		6527350B29680C1900C859B8 /* User.swift in Sources */ = {isa = PBXBuildFile; fileRef = 6527350A29680C1900C859B8 /* User.swift */; };
		6527350D2968185C00C859B8 /* UserUsecase.swift in Sources */ = {isa = PBXBuildFile; fileRef = 6527350C2968185C00C859B8 /* UserUsecase.swift */; };
		6527350F2968196200C859B8 /* UserInfoViewModel.swift in Sources */ = {isa = PBXBuildFile; fileRef = 6527350E2968196200C859B8 /* UserInfoViewModel.swift */; };
		6537F71029837B3500FC58E8 /* EditProfileViewController.swift in Sources */ = {isa = PBXBuildFile; fileRef = 6537F70F29837B3500FC58E8 /* EditProfileViewController.swift */; };
		6537F71229837CAF00FC58E8 /* SettingsViewController.swift in Sources */ = {isa = PBXBuildFile; fileRef = 6537F71129837CAF00FC58E8 /* SettingsViewController.swift */; };
		6537F7152985BF1A00FC58E8 /* SubEditProfileViewController.swift in Sources */ = {isa = PBXBuildFile; fileRef = 6537F7142985BF1A00FC58E8 /* SubEditProfileViewController.swift */; };
		653F17C42965701600949FF8 /* LoginRepository.swift in Sources */ = {isa = PBXBuildFile; fileRef = 653F17C32965701600949FF8 /* LoginRepository.swift */; };
		654D9692295BFC4900B93EE0 /* Constants.swift in Sources */ = {isa = PBXBuildFile; fileRef = 654D9691295BFC4900B93EE0 /* Constants.swift */; };
		65508A51297BB1D100C6431D /* SignUpViewModel.swift in Sources */ = {isa = PBXBuildFile; fileRef = 65508A50297BB1D100C6431D /* SignUpViewModel.swift */; };
		655A94CB296C6D4200F0184B /* LoadingViewController.swift in Sources */ = {isa = PBXBuildFile; fileRef = 655A94CA296C6D4200F0184B /* LoadingViewController.swift */; };
		655A94CD296C6D4900F0184B /* CustomNotificationView.swift in Sources */ = {isa = PBXBuildFile; fileRef = 655A94CC296C6D4900F0184B /* CustomNotificationView.swift */; };
		655A94CF296C73FB00F0184B /* MyProfileViewController.swift in Sources */ = {isa = PBXBuildFile; fileRef = 655A94CE296C73FB00F0184B /* MyProfileViewController.swift */; };
		65653F35295B5B01002F250B /* CustomSegmentedControl.swift in Sources */ = {isa = PBXBuildFile; fileRef = 65653F34295B5B01002F250B /* CustomSegmentedControl.swift */; };
		65653F37295B5B25002F250B /* colors.swift in Sources */ = {isa = PBXBuildFile; fileRef = 65653F36295B5B25002F250B /* colors.swift */; };
		65653F3A295B73C9002F250B /* SearchViewController.swift in Sources */ = {isa = PBXBuildFile; fileRef = 65653F39295B73C9002F250B /* SearchViewController.swift */; };
		65653F3D295B7601002F250B /* KeywordCollectionViewCell.swift in Sources */ = {isa = PBXBuildFile; fileRef = 65653F3C295B7601002F250B /* KeywordCollectionViewCell.swift */; };
		65653F3F295B7BDF002F250B /* SearchTableViewCell.swift in Sources */ = {isa = PBXBuildFile; fileRef = 65653F3E295B7BDF002F250B /* SearchTableViewCell.swift */; };
		65653F41295B8148002F250B /* ShopMainViewController.swift in Sources */ = {isa = PBXBuildFile; fileRef = 65653F40295B8148002F250B /* ShopMainViewController.swift */; };
		65653F43295B8217002F250B /* Extensions.swift in Sources */ = {isa = PBXBuildFile; fileRef = 65653F42295B8217002F250B /* Extensions.swift */; };
		656F1A57296136B00052B148 /* ShoeSizeSelectionViewController.swift in Sources */ = {isa = PBXBuildFile; fileRef = 656F1A56296136B00052B148 /* ShoeSizeSelectionViewController.swift */; };
		656F1A59296138870052B148 /* ShoeSizeSelectionCollectionViewCell.swift in Sources */ = {isa = PBXBuildFile; fileRef = 656F1A58296138870052B148 /* ShoeSizeSelectionCollectionViewCell.swift */; };
		65781D032976C415000FC684 /* LoginViewModel.swift in Sources */ = {isa = PBXBuildFile; fileRef = 65781D022976C415000FC684 /* LoginViewModel.swift */; };
		657E61CC2987C08600CA196D /* Token.swift in Sources */ = {isa = PBXBuildFile; fileRef = 657E61CB2987C08600CA196D /* Token.swift */; };
		6583C9E32960B5E7007C741F /* SignUpViewController.swift in Sources */ = {isa = PBXBuildFile; fileRef = 6583C9E22960B5E6007C741F /* SignUpViewController.swift */; };
		6583C9E72960DCB0007C741F /* FindPasswordViewController.swift in Sources */ = {isa = PBXBuildFile; fileRef = 6583C9E62960DCB0007C741F /* FindPasswordViewController.swift */; };
		65B4DE332972DC9200771920 /* CustomError.swift in Sources */ = {isa = PBXBuildFile; fileRef = 65B4DE322972DC9200771920 /* CustomError.swift */; };
		65DC40B52980239700D14DBF /* NewPostViewController.swift in Sources */ = {isa = PBXBuildFile; fileRef = 65DC40B42980239700D14DBF /* NewPostViewController.swift */; };
		65DC40B72980272100D14DBF /* PostPhotoCollectionViewCell.swift in Sources */ = {isa = PBXBuildFile; fileRef = 65DC40B62980272100D14DBF /* PostPhotoCollectionViewCell.swift */; };
		65DF48942961D4D300AF6CDB /* ShoeSizefield.swift in Sources */ = {isa = PBXBuildFile; fileRef = 65DF48932961D4D300AF6CDB /* ShoeSizefield.swift */; };
		65DF48972961E13C00AF6CDB /* TermsButton.swift in Sources */ = {isa = PBXBuildFile; fileRef = 65DF48962961E13C00AF6CDB /* TermsButton.swift */; };
		65F8FBAD29620F7600679E72 /* UserListCollectionViewLayout.swift in Sources */ = {isa = PBXBuildFile; fileRef = 65F8FBAC29620F7600679E72 /* UserListCollectionViewLayout.swift */; };
		65F8FBB129620FCC00679E72 /* Post + PostResponse.swift in Sources */ = {isa = PBXBuildFile; fileRef = 65F8FBB029620FCC00679E72 /* Post + PostResponse.swift */; };
		65F8FBB42962104E00679E72 /* StyleFeedCollectionViewCell.swift in Sources */ = {isa = PBXBuildFile; fileRef = 65F8FBB32962104E00679E72 /* StyleFeedCollectionViewCell.swift */; };
		65F8FBB6296211B800679E72 /* ProfileSubview.swift in Sources */ = {isa = PBXBuildFile; fileRef = 65F8FBB5296211B800679E72 /* ProfileSubview.swift */; };
		65F8FBB8296211E000679E72 /* ProfileSubviewSubCell.swift in Sources */ = {isa = PBXBuildFile; fileRef = 65F8FBB7296211E000679E72 /* ProfileSubviewSubCell.swift */; };
		65F8FBBA2962125200679E72 /* MyShoppingViewController.swift in Sources */ = {isa = PBXBuildFile; fileRef = 65F8FBB92962125200679E72 /* MyShoppingViewController.swift */; };
		9409BB6829587B8400107717 /* TabBarViewController.swift in Sources */ = {isa = PBXBuildFile; fileRef = 9409BB6729587B8400107717 /* TabBarViewController.swift */; };
		94155C51297A4E720092B561 /* ShopTabDetailViewModel.swift in Sources */ = {isa = PBXBuildFile; fileRef = 94155C50297A4E720092B561 /* ShopTabDetailViewModel.swift */; };
		9428AE302957170600DC7907 /* AppDelegate.swift in Sources */ = {isa = PBXBuildFile; fileRef = 9428AE2F2957170600DC7907 /* AppDelegate.swift */; };
		9428AE322957170600DC7907 /* SceneDelegate.swift in Sources */ = {isa = PBXBuildFile; fileRef = 9428AE312957170600DC7907 /* SceneDelegate.swift */; };
		9428AE392957170E00DC7907 /* Assets.xcassets in Resources */ = {isa = PBXBuildFile; fileRef = 9428AE382957170E00DC7907 /* Assets.xcassets */; };
		9428AE47295718E200DC7907 /* ShopViewModel.swift in Sources */ = {isa = PBXBuildFile; fileRef = 9428AE46295718E200DC7907 /* ShopViewModel.swift */; };
		9428AE492957193D00DC7907 /* HomeTabViewController.swift in Sources */ = {isa = PBXBuildFile; fileRef = 9428AE482957193D00DC7907 /* HomeTabViewController.swift */; };
		9428AE4B2957197B00DC7907 /* StyleTabViewController.swift in Sources */ = {isa = PBXBuildFile; fileRef = 9428AE4A2957197B00DC7907 /* StyleTabViewController.swift */; };
		9428AE4D295719A500DC7907 /* ShopTabViewController.swift in Sources */ = {isa = PBXBuildFile; fileRef = 9428AE4C295719A500DC7907 /* ShopTabViewController.swift */; };
		944A1142295D0DC000F8CDB7 /* Product.swift in Sources */ = {isa = PBXBuildFile; fileRef = 944A1141295D0DBF00F8CDB7 /* Product.swift */; };
		944A1145295D16ED00F8CDB7 /* ShopCollectionViewFlowLayout.swift in Sources */ = {isa = PBXBuildFile; fileRef = 944A1144295D16ED00F8CDB7 /* ShopCollectionViewFlowLayout.swift */; };
		944A114B295D6ADF00F8CDB7 /* ShopUsecase.swift in Sources */ = {isa = PBXBuildFile; fileRef = 944A114A295D6ADF00F8CDB7 /* ShopUsecase.swift */; };
		944A114D295D6D5C00F8CDB7 /* ShopPostRequestParameters.swift in Sources */ = {isa = PBXBuildFile; fileRef = 944A114C295D6D5C00F8CDB7 /* ShopPostRequestParameters.swift */; };
		944A11572963E46500F8CDB7 /* ShopCategoryCollectionViewFlowLayout.swift in Sources */ = {isa = PBXBuildFile; fileRef = 944A11562963E46500F8CDB7 /* ShopCategoryCollectionViewFlowLayout.swift */; };
		948C66952958482E00561C59 /* MyTabViewController.swift in Sources */ = {isa = PBXBuildFile; fileRef = 948C66942958482E00561C59 /* MyTabViewController.swift */; };
		94A394EE2988FBF2002AFE4A /* ShopFilterViewModel.swift in Sources */ = {isa = PBXBuildFile; fileRef = 94A394ED2988FBF2002AFE4A /* ShopFilterViewModel.swift */; };
		94A394F12988FC27002AFE4A /* ShopFilterViewController.swift in Sources */ = {isa = PBXBuildFile; fileRef = 94A394F02988FC27002AFE4A /* ShopFilterViewController.swift */; };
		94A394F32988FC3D002AFE4A /* ShopFilterDetailViewController.swift in Sources */ = {isa = PBXBuildFile; fileRef = 94A394F22988FC3D002AFE4A /* ShopFilterDetailViewController.swift */; };
		94A394F52988FC8D002AFE4A /* ShopFilterTableViewCell.swift in Sources */ = {isa = PBXBuildFile; fileRef = 94A394F42988FC8D002AFE4A /* ShopFilterTableViewCell.swift */; };
		94A394F72988FCA4002AFE4A /* ShopFilterDetailTableViewCell.swift in Sources */ = {isa = PBXBuildFile; fileRef = 94A394F62988FCA4002AFE4A /* ShopFilterDetailTableViewCell.swift */; };
		94A394F92988FCC8002AFE4A /* Brand.swift in Sources */ = {isa = PBXBuildFile; fileRef = 94A394F82988FCC8002AFE4A /* Brand.swift */; };
		94A394FB2988FCE4002AFE4A /* ShopFilterItem.swift in Sources */ = {isa = PBXBuildFile; fileRef = 94A394FA2988FCE4002AFE4A /* ShopFilterItem.swift */; };
		94CDFF9029746FF100C2095C /* HomeTabShopCollectionViewVC.swift in Sources */ = {isa = PBXBuildFile; fileRef = 94CDFF8F29746FF100C2095C /* HomeTabShopCollectionViewVC.swift */; };
		94CDFF932974730300C2095C /* HomeViewModel.swift in Sources */ = {isa = PBXBuildFile; fileRef = 94CDFF922974730300C2095C /* HomeViewModel.swift */; };
		94CDFF952974741200C2095C /* HomeTabStyleCollectionViewVC.swift in Sources */ = {isa = PBXBuildFile; fileRef = 94CDFF942974741200C2095C /* HomeTabStyleCollectionViewVC.swift */; };
		94CDFF972974742400C2095C /* HomeTabBrandsCollectionViewVC.swift in Sources */ = {isa = PBXBuildFile; fileRef = 94CDFF962974742400C2095C /* HomeTabBrandsCollectionViewVC.swift */; };
		94CDFF9A297481E200C2095C /* HomeTabShopCollectionViewCell.swift in Sources */ = {isa = PBXBuildFile; fileRef = 94CDFF99297481E200C2095C /* HomeTabShopCollectionViewCell.swift */; };
		CE571D83298A1A7C00DAB878 /* EditProfileTableViewCell.swift in Sources */ = {isa = PBXBuildFile; fileRef = CE571D82298A1A7C00DAB878 /* EditProfileTableViewCell.swift */; };
		CE571D85298A53A600DAB878 /* UserProfileRepository.swift in Sources */ = {isa = PBXBuildFile; fileRef = CE571D84298A53A600DAB878 /* UserProfileRepository.swift */; };
		CE571D87298A809600DAB878 /* UserProfileViewModel.swift in Sources */ = {isa = PBXBuildFile; fileRef = CE571D86298A809600DAB878 /* UserProfileViewModel.swift */; };
		CE571D89298AE69500DAB878 /* LoginSettingsEditViewController.swift in Sources */ = {isa = PBXBuildFile; fileRef = CE571D88298AE69500DAB878 /* LoginSettingsEditViewController.swift */; };
		CE9EBDE5298B921600F4131A /* EditAccountVIewModel.swift in Sources */ = {isa = PBXBuildFile; fileRef = CE9EBDE4298B921600F4131A /* EditAccountVIewModel.swift */; };
		CE9EBDE9298BAA5400F4131A /* ProductSizeSelectionViewController.swift in Sources */ = {isa = PBXBuildFile; fileRef = CE9EBDE8298BAA5400F4131A /* ProductSizeSelectionViewController.swift */; };
/* End PBXBuildFile section */

/* Begin PBXCopyFilesBuildPhase section */
		5C56D649296B0466002A8736 /* Embed Frameworks */ = {
			isa = PBXCopyFilesBuildPhase;
			buildActionMask = 2147483647;
			dstPath = "";
			dstSubfolderSpec = 10;
			files = (
			);
			name = "Embed Frameworks";
			runOnlyForDeploymentPostprocessing = 0;
		};
/* End PBXCopyFilesBuildPhase section */

/* Begin PBXFileReference section */
		23A38361E3714122EA170A02 /* Pods-KreamWaffleApp.release.xcconfig */ = {isa = PBXFileReference; includeInIndex = 1; lastKnownFileType = text.xcconfig; name = "Pods-KreamWaffleApp.release.xcconfig"; path = "Target Support Files/Pods-KreamWaffleApp/Pods-KreamWaffleApp.release.xcconfig"; sourceTree = "<group>"; };
		4F052148EFB50AEB9BB9D2B3 /* Pods_KreamWaffleApp.framework */ = {isa = PBXFileReference; explicitFileType = wrapper.framework; includeInIndex = 0; path = Pods_KreamWaffleApp.framework; sourceTree = BUILT_PRODUCTS_DIR; };
		5C2882B729884A340063C0C1 /* UserListResponse + NestedProfileWrapper.swift */ = {isa = PBXFileReference; lastKnownFileType = sourcecode.swift; path = "UserListResponse + NestedProfileWrapper.swift"; sourceTree = "<group>"; };
		5C2F9CA0295D77090021D437 /* UIViewController+hideKeyboard.swift */ = {isa = PBXFileReference; lastKnownFileType = sourcecode.swift; path = "UIViewController+hideKeyboard.swift"; sourceTree = "<group>"; };
		5C2F9CA5295D7B250021D437 /* StyleFeedViewModel.swift */ = {isa = PBXFileReference; lastKnownFileType = sourcecode.swift; path = StyleFeedViewModel.swift; sourceTree = "<group>"; };
		5C2F9CA7295D7B600021D437 /* StyleFeedUsecase.swift */ = {isa = PBXFileReference; lastKnownFileType = sourcecode.swift; path = StyleFeedUsecase.swift; sourceTree = "<group>"; };
		5C2F9CAA295D7BCA0021D437 /* ShopRepository.swift */ = {isa = PBXFileReference; lastKnownFileType = sourcecode.swift; path = ShopRepository.swift; sourceTree = "<group>"; };
		5C2F9CAC295D7C650021D437 /* StyleFeedRepository.swift */ = {isa = PBXFileReference; lastKnownFileType = sourcecode.swift; path = StyleFeedRepository.swift; sourceTree = "<group>"; };
		5C63455C296FE3DC00DA6D29 /* UIViewController+setUpBackButton.swift */ = {isa = PBXFileReference; lastKnownFileType = sourcecode.swift; path = "UIViewController+setUpBackButton.swift"; sourceTree = "<group>"; };
		5C6CE19B2982764100755334 /* NewPostViewModel.swift */ = {isa = PBXFileReference; lastKnownFileType = sourcecode.swift; path = NewPostViewModel.swift; sourceTree = "<group>"; };
		5C6CE19D2982768F00755334 /* NewPostRepository.swift */ = {isa = PBXFileReference; lastKnownFileType = sourcecode.swift; path = NewPostRepository.swift; sourceTree = "<group>"; };
		5C6CE19F2983A9D100755334 /* LoadingIndicator.swift */ = {isa = PBXFileReference; lastKnownFileType = sourcecode.swift; path = LoadingIndicator.swift; sourceTree = "<group>"; };
		5C6CE1A12983D55B00755334 /* CommentResponse+Comment+Reply+ReplyToProfile.swift */ = {isa = PBXFileReference; lastKnownFileType = sourcecode.swift; path = "CommentResponse+Comment+Reply+ReplyToProfile.swift"; sourceTree = "<group>"; };
		5C6FBD442976A1ED00B64FF0 /* StylePostUsecase.swift */ = {isa = PBXFileReference; lastKnownFileType = sourcecode.swift; path = StylePostUsecase.swift; sourceTree = "<group>"; };
		5C6FBD4629796DB300B64FF0 /* NestedProfile.swift */ = {isa = PBXFileReference; lastKnownFileType = sourcecode.swift; path = NestedProfile.swift; sourceTree = "<group>"; };
		5C6FBD482979737C00B64FF0 /* UserListCollectionViewVC.swift */ = {isa = PBXFileReference; lastKnownFileType = sourcecode.swift; path = UserListCollectionViewVC.swift; sourceTree = "<group>"; };
		5C6FBD4A2979739100B64FF0 /* LikedUserListViewController.swift */ = {isa = PBXFileReference; lastKnownFileType = sourcecode.swift; path = LikedUserListViewController.swift; sourceTree = "<group>"; };
		5C6FBD4E2979744E00B64FF0 /* UserListUsecase.swift */ = {isa = PBXFileReference; lastKnownFileType = sourcecode.swift; path = UserListUsecase.swift; sourceTree = "<group>"; };
		5C6FBD502979745D00B64FF0 /* UserListRepositoryProtocol.swift */ = {isa = PBXFileReference; lastKnownFileType = sourcecode.swift; path = UserListRepositoryProtocol.swift; sourceTree = "<group>"; };
		5C6FBD532979774100B64FF0 /* LikedUserListRepository.swift */ = {isa = PBXFileReference; lastKnownFileType = sourcecode.swift; path = LikedUserListRepository.swift; sourceTree = "<group>"; };
		5C6FBD552979776A00B64FF0 /* FollowingUserListRepository.swift */ = {isa = PBXFileReference; lastKnownFileType = sourcecode.swift; path = FollowingUserListRepository.swift; sourceTree = "<group>"; };
		5C6FBD572979778900B64FF0 /* FollowerUserListRepository.swift */ = {isa = PBXFileReference; lastKnownFileType = sourcecode.swift; path = FollowerUserListRepository.swift; sourceTree = "<group>"; };
		5C6FBD592979826500B64FF0 /* UserListCollectionViewCell.swift */ = {isa = PBXFileReference; lastKnownFileType = sourcecode.swift; path = UserListCollectionViewCell.swift; sourceTree = "<group>"; };
		5C6FBD66297A60C200B64FF0 /* UserListViewModel.swift */ = {isa = PBXFileReference; lastKnownFileType = sourcecode.swift; path = UserListViewModel.swift; sourceTree = "<group>"; };
		5C6FBD68297A612C00B64FF0 /* CategoryCollectionViewCell.swift */ = {isa = PBXFileReference; lastKnownFileType = sourcecode.swift; path = CategoryCollectionViewCell.swift; sourceTree = "<group>"; };
		5C6FBD6A297A613700B64FF0 /* ProductCollectionViewCell.swift */ = {isa = PBXFileReference; lastKnownFileType = sourcecode.swift; path = ProductCollectionViewCell.swift; sourceTree = "<group>"; };
		5C6FBD6C297A618900B64FF0 /* ShopPostModel.swift */ = {isa = PBXFileReference; lastKnownFileType = sourcecode.swift; path = ShopPostModel.swift; sourceTree = "<group>"; };
		5C6FBD6E297AD0BA00B64FF0 /* FollowButton.swift */ = {isa = PBXFileReference; lastKnownFileType = sourcecode.swift; path = FollowButton.swift; sourceTree = "<group>"; };
		5C6FBD70297BCBA200B64FF0 /* ProfileViewModel.swift */ = {isa = PBXFileReference; lastKnownFileType = sourcecode.swift; path = ProfileViewModel.swift; sourceTree = "<group>"; };
		5C6FBD72297BCBAC00B64FF0 /* ProfileUsecase.swift */ = {isa = PBXFileReference; lastKnownFileType = sourcecode.swift; path = ProfileUsecase.swift; sourceTree = "<group>"; };
		5C6FBD74297BCBB700B64FF0 /* ProfileRepository.swift */ = {isa = PBXFileReference; lastKnownFileType = sourcecode.swift; path = ProfileRepository.swift; sourceTree = "<group>"; };
		5C6FBD76297BCCF500B64FF0 /* ProfileViewController.swift */ = {isa = PBXFileReference; lastKnownFileType = sourcecode.swift; path = ProfileViewController.swift; sourceTree = "<group>"; };
		5C6FBD78297C263200B64FF0 /* Profile.swift */ = {isa = PBXFileReference; lastKnownFileType = sourcecode.swift; path = Profile.swift; sourceTree = "<group>"; };
		5C6FBD7A297D132800B64FF0 /* UIViewController+pushUserProfileVC + pushNewPostVC.swift */ = {isa = PBXFileReference; lastKnownFileType = sourcecode.swift; path = "UIViewController+pushUserProfileVC + pushNewPostVC.swift"; sourceTree = "<group>"; };
		5C6FBD7C297D965A00B64FF0 /* FollowUserListViewController.swift */ = {isa = PBXFileReference; lastKnownFileType = sourcecode.swift; path = FollowUserListViewController.swift; sourceTree = "<group>"; };
		5CB810DA29683B4B0021FDD6 /* StyleFeedCollectionViewVC.swift */ = {isa = PBXFileReference; lastKnownFileType = sourcecode.swift; path = StyleFeedCollectionViewVC.swift; sourceTree = "<group>"; };
		5CB810DC29683CEF0021FDD6 /* StylePostViewController.swift */ = {isa = PBXFileReference; lastKnownFileType = sourcecode.swift; path = StylePostViewController.swift; sourceTree = "<group>"; };
		5CB810DE29683D4E0021FDD6 /* StylePostRepository.swift */ = {isa = PBXFileReference; lastKnownFileType = sourcecode.swift; path = StylePostRepository.swift; sourceTree = "<group>"; };
		5CB810E029683D6A0021FDD6 /* StylePostViewModel.swift */ = {isa = PBXFileReference; lastKnownFileType = sourcecode.swift; path = StylePostViewModel.swift; sourceTree = "<group>"; };
		5CB810E429684F000021FDD6 /* UnderlineSegmentedControl.swift */ = {isa = PBXFileReference; lastKnownFileType = sourcecode.swift; path = UnderlineSegmentedControl.swift; sourceTree = "<group>"; };
		5CE9B33F296878BC00B3C894 /* ProductDetailImagesCollectionViewFlowLayout.swift */ = {isa = PBXFileReference; lastKnownFileType = sourcecode.swift; path = ProductDetailImagesCollectionViewFlowLayout.swift; sourceTree = "<group>"; };
		5CE9B341296878FD00B3C894 /* ProductDetailViewController.swift */ = {isa = PBXFileReference; lastKnownFileType = sourcecode.swift; path = ProductDetailViewController.swift; sourceTree = "<group>"; };
		65188907295C1CE70026E003 /* LoginViewController.swift */ = {isa = PBXFileReference; lastKnownFileType = sourcecode.swift; path = LoginViewController.swift; sourceTree = "<group>"; };
		651E71842977CF1A00D81E2F /* OpeningViewController.swift */ = {isa = PBXFileReference; lastKnownFileType = sourcecode.swift; path = OpeningViewController.swift; sourceTree = "<group>"; };
		651E718A297B7B5200D81E2F /* MyTabSharedUIStackVIew.swift */ = {isa = PBXFileReference; lastKnownFileType = sourcecode.swift; path = MyTabSharedUIStackVIew.swift; sourceTree = "<group>"; };
		651E718C297B988F00D81E2F /* AutoAddPaddingButton.swift */ = {isa = PBXFileReference; lastKnownFileType = sourcecode.swift; path = AutoAddPaddingButton.swift; sourceTree = "<group>"; };
		6520AEAA295EB9CF002D549D /* CustomTextfield.swift */ = {isa = PBXFileReference; lastKnownFileType = sourcecode.swift; path = CustomTextfield.swift; sourceTree = "<group>"; };
		6527350A29680C1900C859B8 /* User.swift */ = {isa = PBXFileReference; lastKnownFileType = sourcecode.swift; path = User.swift; sourceTree = "<group>"; };
		6527350C2968185C00C859B8 /* UserUsecase.swift */ = {isa = PBXFileReference; lastKnownFileType = sourcecode.swift; path = UserUsecase.swift; sourceTree = "<group>"; };
		6527350E2968196200C859B8 /* UserInfoViewModel.swift */ = {isa = PBXFileReference; lastKnownFileType = sourcecode.swift; path = UserInfoViewModel.swift; sourceTree = "<group>"; };
		6537F70F29837B3500FC58E8 /* EditProfileViewController.swift */ = {isa = PBXFileReference; lastKnownFileType = sourcecode.swift; path = EditProfileViewController.swift; sourceTree = "<group>"; };
		6537F71129837CAF00FC58E8 /* SettingsViewController.swift */ = {isa = PBXFileReference; lastKnownFileType = sourcecode.swift; path = SettingsViewController.swift; sourceTree = "<group>"; };
		6537F7142985BF1A00FC58E8 /* SubEditProfileViewController.swift */ = {isa = PBXFileReference; lastKnownFileType = sourcecode.swift; path = SubEditProfileViewController.swift; sourceTree = "<group>"; };
		653F17C229655F1F00949FF8 /* KreamWaffleApp.entitlements */ = {isa = PBXFileReference; lastKnownFileType = text.plist.entitlements; path = KreamWaffleApp.entitlements; sourceTree = "<group>"; };
		653F17C32965701600949FF8 /* LoginRepository.swift */ = {isa = PBXFileReference; lastKnownFileType = sourcecode.swift; path = LoginRepository.swift; sourceTree = "<group>"; };
		654D9691295BFC4900B93EE0 /* Constants.swift */ = {isa = PBXFileReference; lastKnownFileType = sourcecode.swift; path = Constants.swift; sourceTree = "<group>"; };
		65508A50297BB1D100C6431D /* SignUpViewModel.swift */ = {isa = PBXFileReference; lastKnownFileType = sourcecode.swift; path = SignUpViewModel.swift; sourceTree = "<group>"; };
		655A94CA296C6D4200F0184B /* LoadingViewController.swift */ = {isa = PBXFileReference; fileEncoding = 4; lastKnownFileType = sourcecode.swift; path = LoadingViewController.swift; sourceTree = "<group>"; };
		655A94CC296C6D4900F0184B /* CustomNotificationView.swift */ = {isa = PBXFileReference; fileEncoding = 4; lastKnownFileType = sourcecode.swift; path = CustomNotificationView.swift; sourceTree = "<group>"; };
		655A94CE296C73FB00F0184B /* MyProfileViewController.swift */ = {isa = PBXFileReference; lastKnownFileType = sourcecode.swift; path = MyProfileViewController.swift; sourceTree = "<group>"; };
		65653F34295B5B01002F250B /* CustomSegmentedControl.swift */ = {isa = PBXFileReference; lastKnownFileType = sourcecode.swift; path = CustomSegmentedControl.swift; sourceTree = "<group>"; };
		65653F36295B5B25002F250B /* colors.swift */ = {isa = PBXFileReference; lastKnownFileType = sourcecode.swift; path = colors.swift; sourceTree = "<group>"; };
		65653F39295B73C9002F250B /* SearchViewController.swift */ = {isa = PBXFileReference; lastKnownFileType = sourcecode.swift; path = SearchViewController.swift; sourceTree = "<group>"; };
		65653F3C295B7601002F250B /* KeywordCollectionViewCell.swift */ = {isa = PBXFileReference; lastKnownFileType = sourcecode.swift; path = KeywordCollectionViewCell.swift; sourceTree = "<group>"; };
		65653F3E295B7BDF002F250B /* SearchTableViewCell.swift */ = {isa = PBXFileReference; lastKnownFileType = sourcecode.swift; path = SearchTableViewCell.swift; sourceTree = "<group>"; };
		65653F40295B8148002F250B /* ShopMainViewController.swift */ = {isa = PBXFileReference; lastKnownFileType = sourcecode.swift; path = ShopMainViewController.swift; sourceTree = "<group>"; };
		65653F42295B8217002F250B /* Extensions.swift */ = {isa = PBXFileReference; lastKnownFileType = sourcecode.swift; path = Extensions.swift; sourceTree = "<group>"; };
		656F1A56296136B00052B148 /* ShoeSizeSelectionViewController.swift */ = {isa = PBXFileReference; lastKnownFileType = sourcecode.swift; path = ShoeSizeSelectionViewController.swift; sourceTree = "<group>"; };
		656F1A58296138870052B148 /* ShoeSizeSelectionCollectionViewCell.swift */ = {isa = PBXFileReference; lastKnownFileType = sourcecode.swift; path = ShoeSizeSelectionCollectionViewCell.swift; sourceTree = "<group>"; };
		65781D022976C415000FC684 /* LoginViewModel.swift */ = {isa = PBXFileReference; lastKnownFileType = sourcecode.swift; path = LoginViewModel.swift; sourceTree = "<group>"; };
		657E61CB2987C08600CA196D /* Token.swift */ = {isa = PBXFileReference; lastKnownFileType = sourcecode.swift; path = Token.swift; sourceTree = "<group>"; };
		6583C9E22960B5E6007C741F /* SignUpViewController.swift */ = {isa = PBXFileReference; lastKnownFileType = sourcecode.swift; path = SignUpViewController.swift; sourceTree = "<group>"; };
		6583C9E62960DCB0007C741F /* FindPasswordViewController.swift */ = {isa = PBXFileReference; lastKnownFileType = sourcecode.swift; path = FindPasswordViewController.swift; sourceTree = "<group>"; };
		65B4DE322972DC9200771920 /* CustomError.swift */ = {isa = PBXFileReference; lastKnownFileType = sourcecode.swift; path = CustomError.swift; sourceTree = "<group>"; };
		65DC40B42980239700D14DBF /* NewPostViewController.swift */ = {isa = PBXFileReference; lastKnownFileType = sourcecode.swift; path = NewPostViewController.swift; sourceTree = "<group>"; };
		65DC40B62980272100D14DBF /* PostPhotoCollectionViewCell.swift */ = {isa = PBXFileReference; lastKnownFileType = sourcecode.swift; path = PostPhotoCollectionViewCell.swift; sourceTree = "<group>"; };
		65DF48932961D4D300AF6CDB /* ShoeSizefield.swift */ = {isa = PBXFileReference; lastKnownFileType = sourcecode.swift; path = ShoeSizefield.swift; sourceTree = "<group>"; };
		65DF48962961E13C00AF6CDB /* TermsButton.swift */ = {isa = PBXFileReference; lastKnownFileType = sourcecode.swift; path = TermsButton.swift; sourceTree = "<group>"; };
		65F8FBAC29620F7600679E72 /* UserListCollectionViewLayout.swift */ = {isa = PBXFileReference; lastKnownFileType = sourcecode.swift; path = UserListCollectionViewLayout.swift; sourceTree = "<group>"; };
		65F8FBB029620FCC00679E72 /* Post + PostResponse.swift */ = {isa = PBXFileReference; lastKnownFileType = sourcecode.swift; path = "Post + PostResponse.swift"; sourceTree = "<group>"; };
		65F8FBB32962104E00679E72 /* StyleFeedCollectionViewCell.swift */ = {isa = PBXFileReference; lastKnownFileType = sourcecode.swift; path = StyleFeedCollectionViewCell.swift; sourceTree = "<group>"; };
		65F8FBB5296211B800679E72 /* ProfileSubview.swift */ = {isa = PBXFileReference; lastKnownFileType = sourcecode.swift; path = ProfileSubview.swift; sourceTree = "<group>"; };
		65F8FBB7296211E000679E72 /* ProfileSubviewSubCell.swift */ = {isa = PBXFileReference; lastKnownFileType = sourcecode.swift; path = ProfileSubviewSubCell.swift; sourceTree = "<group>"; };
		65F8FBB92962125200679E72 /* MyShoppingViewController.swift */ = {isa = PBXFileReference; lastKnownFileType = sourcecode.swift; path = MyShoppingViewController.swift; sourceTree = "<group>"; };
		9409BB6729587B8400107717 /* TabBarViewController.swift */ = {isa = PBXFileReference; lastKnownFileType = sourcecode.swift; path = TabBarViewController.swift; sourceTree = "<group>"; };
		94155C50297A4E720092B561 /* ShopTabDetailViewModel.swift */ = {isa = PBXFileReference; lastKnownFileType = sourcecode.swift; path = ShopTabDetailViewModel.swift; sourceTree = "<group>"; };
		9428AE2C2957170600DC7907 /* KreamWaffleApp.app */ = {isa = PBXFileReference; explicitFileType = wrapper.application; includeInIndex = 0; path = KreamWaffleApp.app; sourceTree = BUILT_PRODUCTS_DIR; };
		9428AE2F2957170600DC7907 /* AppDelegate.swift */ = {isa = PBXFileReference; lastKnownFileType = sourcecode.swift; path = AppDelegate.swift; sourceTree = "<group>"; };
		9428AE312957170600DC7907 /* SceneDelegate.swift */ = {isa = PBXFileReference; lastKnownFileType = sourcecode.swift; path = SceneDelegate.swift; sourceTree = "<group>"; };
		9428AE382957170E00DC7907 /* Assets.xcassets */ = {isa = PBXFileReference; lastKnownFileType = folder.assetcatalog; path = Assets.xcassets; sourceTree = "<group>"; };
		9428AE3D2957170E00DC7907 /* Info.plist */ = {isa = PBXFileReference; lastKnownFileType = text.plist.xml; path = Info.plist; sourceTree = "<group>"; };
		9428AE46295718E200DC7907 /* ShopViewModel.swift */ = {isa = PBXFileReference; lastKnownFileType = sourcecode.swift; path = ShopViewModel.swift; sourceTree = "<group>"; };
		9428AE482957193D00DC7907 /* HomeTabViewController.swift */ = {isa = PBXFileReference; lastKnownFileType = sourcecode.swift; path = HomeTabViewController.swift; sourceTree = "<group>"; };
		9428AE4A2957197B00DC7907 /* StyleTabViewController.swift */ = {isa = PBXFileReference; lastKnownFileType = sourcecode.swift; path = StyleTabViewController.swift; sourceTree = "<group>"; };
		9428AE4C295719A500DC7907 /* ShopTabViewController.swift */ = {isa = PBXFileReference; lastKnownFileType = sourcecode.swift; path = ShopTabViewController.swift; sourceTree = "<group>"; };
		944A1141295D0DBF00F8CDB7 /* Product.swift */ = {isa = PBXFileReference; lastKnownFileType = sourcecode.swift; path = Product.swift; sourceTree = "<group>"; };
		944A1144295D16ED00F8CDB7 /* ShopCollectionViewFlowLayout.swift */ = {isa = PBXFileReference; lastKnownFileType = sourcecode.swift; path = ShopCollectionViewFlowLayout.swift; sourceTree = "<group>"; };
		944A114A295D6ADF00F8CDB7 /* ShopUsecase.swift */ = {isa = PBXFileReference; lastKnownFileType = sourcecode.swift; path = ShopUsecase.swift; sourceTree = "<group>"; };
		944A114C295D6D5C00F8CDB7 /* ShopPostRequestParameters.swift */ = {isa = PBXFileReference; lastKnownFileType = sourcecode.swift; path = ShopPostRequestParameters.swift; sourceTree = "<group>"; };
		944A11562963E46500F8CDB7 /* ShopCategoryCollectionViewFlowLayout.swift */ = {isa = PBXFileReference; lastKnownFileType = sourcecode.swift; path = ShopCategoryCollectionViewFlowLayout.swift; sourceTree = "<group>"; };
		948C66942958482E00561C59 /* MyTabViewController.swift */ = {isa = PBXFileReference; lastKnownFileType = sourcecode.swift; path = MyTabViewController.swift; sourceTree = "<group>"; };
		94A394ED2988FBF2002AFE4A /* ShopFilterViewModel.swift */ = {isa = PBXFileReference; lastKnownFileType = sourcecode.swift; path = ShopFilterViewModel.swift; sourceTree = "<group>"; };
		94A394F02988FC27002AFE4A /* ShopFilterViewController.swift */ = {isa = PBXFileReference; lastKnownFileType = sourcecode.swift; path = ShopFilterViewController.swift; sourceTree = "<group>"; };
		94A394F22988FC3D002AFE4A /* ShopFilterDetailViewController.swift */ = {isa = PBXFileReference; lastKnownFileType = sourcecode.swift; path = ShopFilterDetailViewController.swift; sourceTree = "<group>"; };
		94A394F42988FC8D002AFE4A /* ShopFilterTableViewCell.swift */ = {isa = PBXFileReference; lastKnownFileType = sourcecode.swift; path = ShopFilterTableViewCell.swift; sourceTree = "<group>"; };
		94A394F62988FCA4002AFE4A /* ShopFilterDetailTableViewCell.swift */ = {isa = PBXFileReference; lastKnownFileType = sourcecode.swift; path = ShopFilterDetailTableViewCell.swift; sourceTree = "<group>"; };
		94A394F82988FCC8002AFE4A /* Brand.swift */ = {isa = PBXFileReference; lastKnownFileType = sourcecode.swift; path = Brand.swift; sourceTree = "<group>"; };
		94A394FA2988FCE4002AFE4A /* ShopFilterItem.swift */ = {isa = PBXFileReference; lastKnownFileType = sourcecode.swift; path = ShopFilterItem.swift; sourceTree = "<group>"; };
		94CDFF8F29746FF100C2095C /* HomeTabShopCollectionViewVC.swift */ = {isa = PBXFileReference; lastKnownFileType = sourcecode.swift; path = HomeTabShopCollectionViewVC.swift; sourceTree = "<group>"; };
		94CDFF922974730300C2095C /* HomeViewModel.swift */ = {isa = PBXFileReference; lastKnownFileType = sourcecode.swift; path = HomeViewModel.swift; sourceTree = "<group>"; };
		94CDFF942974741200C2095C /* HomeTabStyleCollectionViewVC.swift */ = {isa = PBXFileReference; lastKnownFileType = sourcecode.swift; path = HomeTabStyleCollectionViewVC.swift; sourceTree = "<group>"; };
		94CDFF962974742400C2095C /* HomeTabBrandsCollectionViewVC.swift */ = {isa = PBXFileReference; lastKnownFileType = sourcecode.swift; path = HomeTabBrandsCollectionViewVC.swift; sourceTree = "<group>"; };
		94CDFF99297481E200C2095C /* HomeTabShopCollectionViewCell.swift */ = {isa = PBXFileReference; lastKnownFileType = sourcecode.swift; path = HomeTabShopCollectionViewCell.swift; sourceTree = "<group>"; };
		CE571D82298A1A7C00DAB878 /* EditProfileTableViewCell.swift */ = {isa = PBXFileReference; lastKnownFileType = sourcecode.swift; path = EditProfileTableViewCell.swift; sourceTree = "<group>"; };
		CE571D84298A53A600DAB878 /* UserProfileRepository.swift */ = {isa = PBXFileReference; lastKnownFileType = sourcecode.swift; path = UserProfileRepository.swift; sourceTree = "<group>"; };
		CE571D86298A809600DAB878 /* UserProfileViewModel.swift */ = {isa = PBXFileReference; lastKnownFileType = sourcecode.swift; path = UserProfileViewModel.swift; sourceTree = "<group>"; };
		CE571D88298AE69500DAB878 /* LoginSettingsEditViewController.swift */ = {isa = PBXFileReference; lastKnownFileType = sourcecode.swift; path = LoginSettingsEditViewController.swift; sourceTree = "<group>"; };
		CE9EBDE4298B921600F4131A /* EditAccountVIewModel.swift */ = {isa = PBXFileReference; lastKnownFileType = sourcecode.swift; path = EditAccountVIewModel.swift; sourceTree = "<group>"; };
		CE9EBDE8298BAA5400F4131A /* ProductSizeSelectionViewController.swift */ = {isa = PBXFileReference; lastKnownFileType = sourcecode.swift; path = ProductSizeSelectionViewController.swift; sourceTree = "<group>"; };
		F7EF6F841C68824F321DFFC4 /* Pods-KreamWaffleApp.debug.xcconfig */ = {isa = PBXFileReference; includeInIndex = 1; lastKnownFileType = text.xcconfig; name = "Pods-KreamWaffleApp.debug.xcconfig"; path = "Target Support Files/Pods-KreamWaffleApp/Pods-KreamWaffleApp.debug.xcconfig"; sourceTree = "<group>"; };
/* End PBXFileReference section */

/* Begin PBXFrameworksBuildPhase section */
		9428AE292957170600DC7907 /* Frameworks */ = {
			isa = PBXFrameworksBuildPhase;
			buildActionMask = 2147483647;
			files = (
				467682F954ED69A475DC9876 /* Pods_KreamWaffleApp.framework in Frameworks */,
			);
			runOnlyForDeploymentPostprocessing = 0;
		};
/* End PBXFrameworksBuildPhase section */

/* Begin PBXGroup section */
		39518DD1225ED41FF26BAD9F /* Frameworks */ = {
			isa = PBXGroup;
			children = (
				4F052148EFB50AEB9BB9D2B3 /* Pods_KreamWaffleApp.framework */,
			);
			name = Frameworks;
			sourceTree = "<group>";
		};
		5C2F9C9F295D76E30021D437 /* Extensions */ = {
			isa = PBXGroup;
			children = (
				65653F42295B8217002F250B /* Extensions.swift */,
				5C2F9CA0295D77090021D437 /* UIViewController+hideKeyboard.swift */,
				5C63455C296FE3DC00DA6D29 /* UIViewController+setUpBackButton.swift */,
				5C6FBD7A297D132800B64FF0 /* UIViewController+pushUserProfileVC + pushNewPostVC.swift */,
			);
			path = Extensions;
			sourceTree = "<group>";
		};
		5C2F9CA2295D77350021D437 /* My Tab */ = {
			isa = PBXGroup;
			children = (
				CE9EBDE6298B966E00F4131A /* Edit Login VC */,
				6537F7132985BEFF00FC58E8 /* Edit Profile VC */,
				655A94D0296C772900F0184B /* Subviews */,
				948C66942958482E00561C59 /* MyTabViewController.swift */,
				65F8FBB92962125200679E72 /* MyShoppingViewController.swift */,
				655A94CE296C73FB00F0184B /* MyProfileViewController.swift */,
			);
			path = "My Tab";
			sourceTree = "<group>";
		};
		5C2F9CA3295D77430021D437 /* Home Tab */ = {
			isa = PBXGroup;
			children = (
				94CDFF8E29746FBF00C2095C /* Sub VC */,
				9428AE482957193D00DC7907 /* HomeTabViewController.swift */,
			);
			path = "Home Tab";
			sourceTree = "<group>";
		};
		5C2F9CA4295D7AF90021D437 /* App */ = {
			isa = PBXGroup;
			children = (
				9428AE2F2957170600DC7907 /* AppDelegate.swift */,
				9428AE312957170600DC7907 /* SceneDelegate.swift */,
			);
			path = App;
			sourceTree = "<group>";
		};
		5C2F9CA9295D7BBD0021D437 /* Repositories */ = {
			isa = PBXGroup;
			children = (
				5C6FBD522979771E00B64FF0 /* Protocols */,
				5C2F9CAA295D7BCA0021D437 /* ShopRepository.swift */,
				5C2F9CAC295D7C650021D437 /* StyleFeedRepository.swift */,
				653F17C32965701600949FF8 /* LoginRepository.swift */,
				5CB810DE29683D4E0021FDD6 /* StylePostRepository.swift */,
				5C6FBD532979774100B64FF0 /* LikedUserListRepository.swift */,
				5C6FBD572979778900B64FF0 /* FollowerUserListRepository.swift */,
				5C6FBD552979776A00B64FF0 /* FollowingUserListRepository.swift */,
				5C6FBD74297BCBB700B64FF0 /* ProfileRepository.swift */,
				5C6CE19D2982768F00755334 /* NewPostRepository.swift */,
				CE571D84298A53A600DAB878 /* UserProfileRepository.swift */,
			);
			path = Repositories;
			sourceTree = "<group>";
		};
		5C6FBD522979771E00B64FF0 /* Protocols */ = {
			isa = PBXGroup;
			children = (
				5C6FBD502979745D00B64FF0 /* UserListRepositoryProtocol.swift */,
			);
			path = Protocols;
			sourceTree = "<group>";
		};
		5CB810D929683B3B0021FDD6 /* Sub VC */ = {
			isa = PBXGroup;
			children = (
				5CB810DA29683B4B0021FDD6 /* StyleFeedCollectionViewVC.swift */,
				5CB810DC29683CEF0021FDD6 /* StylePostViewController.swift */,
				5C6FBD482979737C00B64FF0 /* UserListCollectionViewVC.swift */,
				5C6FBD4A2979739100B64FF0 /* LikedUserListViewController.swift */,
				5C6FBD76297BCCF500B64FF0 /* ProfileViewController.swift */,
				5C6FBD7C297D965A00B64FF0 /* FollowUserListViewController.swift */,
			);
			path = "Sub VC";
			sourceTree = "<group>";
		};
		6527350929680C0600C859B8 /* Data Objects */ = {
			isa = PBXGroup;
			children = (
				6527350A29680C1900C859B8 /* User.swift */,
				657E61CB2987C08600CA196D /* Token.swift */,
			);
			path = "Data Objects";
			sourceTree = "<group>";
		};
		6537F7132985BEFF00FC58E8 /* Edit Profile VC */ = {
			isa = PBXGroup;
			children = (
				6537F70F29837B3500FC58E8 /* EditProfileViewController.swift */,
				6537F7142985BF1A00FC58E8 /* SubEditProfileViewController.swift */,
				CE571D82298A1A7C00DAB878 /* EditProfileTableViewCell.swift */,
			);
			path = "Edit Profile VC";
			sourceTree = "<group>";
		};
		65508A4F297BB1BB00C6431D /* Login Tab */ = {
			isa = PBXGroup;
			children = (
				CE9EBDE4298B921600F4131A /* EditAccountVIewModel.swift */,
				CE571D86298A809600DAB878 /* UserProfileViewModel.swift */,
				65781D022976C415000FC684 /* LoginViewModel.swift */,
				65508A50297BB1D100C6431D /* SignUpViewModel.swift */,
			);
			path = "Login Tab";
			sourceTree = "<group>";
		};
		655A94D0296C772900F0184B /* Subviews */ = {
			isa = PBXGroup;
			children = (
				65F8FBB5296211B800679E72 /* ProfileSubview.swift */,
				65F8FBB7296211E000679E72 /* ProfileSubviewSubCell.swift */,
				651E718A297B7B5200D81E2F /* MyTabSharedUIStackVIew.swift */,
			);
			path = Subviews;
			sourceTree = "<group>";
		};
		65653F33295B5AF2002F250B /* Customs */ = {
			isa = PBXGroup;
			children = (
				6520AEAA295EB9CF002D549D /* CustomTextfield.swift */,
				65653F34295B5B01002F250B /* CustomSegmentedControl.swift */,
				65653F36295B5B25002F250B /* colors.swift */,
				654D9691295BFC4900B93EE0 /* Constants.swift */,
				65DF48932961D4D300AF6CDB /* ShoeSizefield.swift */,
				65DF48962961E13C00AF6CDB /* TermsButton.swift */,
				5CB810E429684F000021FDD6 /* UnderlineSegmentedControl.swift */,
				65B4DE322972DC9200771920 /* CustomError.swift */,
				651E718C297B988F00D81E2F /* AutoAddPaddingButton.swift */,
				5C6FBD6E297AD0BA00B64FF0 /* FollowButton.swift */,
				5C6CE19F2983A9D100755334 /* LoadingIndicator.swift */,
			);
			path = Customs;
			sourceTree = "<group>";
		};
		65653F38295B73B2002F250B /* Style Tab */ = {
			isa = PBXGroup;
			children = (
				5CB810D929683B3B0021FDD6 /* Sub VC */,
				9428AE4A2957197B00DC7907 /* StyleTabViewController.swift */,
				65DC40BA2980275F00D14DBF /* New Post */,
			);
			path = "Style Tab";
			sourceTree = "<group>";
		};
		65653F3B295B73FC002F250B /* Shop Tab */ = {
			isa = PBXGroup;
			children = (
				CE9EBDE7298BAA2600F4131A /* Detail VC */,
				65653F44295B8408002F250B /* Sub VC */,
				9428AE4C295719A500DC7907 /* ShopTabViewController.swift */,
			);
			path = "Shop Tab";
			sourceTree = "<group>";
		};
		65653F44295B8408002F250B /* Sub VC */ = {
			isa = PBXGroup;
			children = (
				94A394EF2988FC14002AFE4A /* Filter VC */,
				65653F3C295B7601002F250B /* KeywordCollectionViewCell.swift */,
				65653F40295B8148002F250B /* ShopMainViewController.swift */,
				65653F3E295B7BDF002F250B /* SearchTableViewCell.swift */,
				65653F39295B73C9002F250B /* SearchViewController.swift */,
			);
			path = "Sub VC";
			sourceTree = "<group>";
		};
		6583C9E82960DCB4007C741F /* Help Tab */ = {
			isa = PBXGroup;
			children = (
				6583C9E22960B5E6007C741F /* SignUpViewController.swift */,
				6583C9E62960DCB0007C741F /* FindPasswordViewController.swift */,
				656F1A56296136B00052B148 /* ShoeSizeSelectionViewController.swift */,
			);
			path = "Help Tab";
			sourceTree = "<group>";
		};
		65A2AD05295DB12400213175 /* Login Tab */ = {
			isa = PBXGroup;
			children = (
				6583C9E82960DCB4007C741F /* Help Tab */,
				65188907295C1CE70026E003 /* LoginViewController.swift */,
			);
			path = "Login Tab";
			sourceTree = "<group>";
		};
		65DC40BA2980275F00D14DBF /* New Post */ = {
			isa = PBXGroup;
			children = (
				65DC40B62980272100D14DBF /* PostPhotoCollectionViewCell.swift */,
				65DC40B42980239700D14DBF /* NewPostViewController.swift */,
			);
			path = "New Post";
			sourceTree = "<group>";
		};
		9409BB6929587BB200107717 /* ViewModels */ = {
			isa = PBXGroup;
			children = (
				65508A4F297BB1BB00C6431D /* Login Tab */,
				94155C52297A4E920092B561 /* Shop Tab */,
				94CDFF922974730300C2095C /* HomeViewModel.swift */,
				5C2F9CA5295D7B250021D437 /* StyleFeedViewModel.swift */,
				6527350E2968196200C859B8 /* UserInfoViewModel.swift */,
				5CB810E029683D6A0021FDD6 /* StylePostViewModel.swift */,
				5C6FBD66297A60C200B64FF0 /* UserListViewModel.swift */,
				5C6FBD70297BCBA200B64FF0 /* ProfileViewModel.swift */,
				5C6CE19B2982764100755334 /* NewPostViewModel.swift */,
			);
			path = ViewModels;
			sourceTree = "<group>";
		};
		94155C52297A4E920092B561 /* Shop Tab */ = {
			isa = PBXGroup;
			children = (
				9428AE46295718E200DC7907 /* ShopViewModel.swift */,
				94155C50297A4E720092B561 /* ShopTabDetailViewModel.swift */,
				94A394ED2988FBF2002AFE4A /* ShopFilterViewModel.swift */,
			);
			path = "Shop Tab";
			sourceTree = "<group>";
		};
		94155C53297A4EB70092B561 /* Shop Tab */ = {
			isa = PBXGroup;
			children = (
				944A114C295D6D5C00F8CDB7 /* ShopPostRequestParameters.swift */,
				944A1141295D0DBF00F8CDB7 /* Product.swift */,
				5C6FBD6C297A618900B64FF0 /* ShopPostModel.swift */,
				94A394F82988FCC8002AFE4A /* Brand.swift */,
				94A394FA2988FCE4002AFE4A /* ShopFilterItem.swift */,
			);
			path = "Shop Tab";
			sourceTree = "<group>";
		};
		94155C54297A4F330092B561 /* Shop Tab */ = {
			isa = PBXGroup;
			children = (
				5C6FBD68297A612C00B64FF0 /* CategoryCollectionViewCell.swift */,
				5C6FBD6A297A613700B64FF0 /* ProductCollectionViewCell.swift */,
				94A394F42988FC8D002AFE4A /* ShopFilterTableViewCell.swift */,
				94A394F62988FCA4002AFE4A /* ShopFilterDetailTableViewCell.swift */,
			);
			path = "Shop Tab";
			sourceTree = "<group>";
		};
		9428AE232957170600DC7907 = {
			isa = PBXGroup;
			children = (
				9428AE2E2957170600DC7907 /* KreamWaffleApp */,
				9428AE2D2957170600DC7907 /* Products */,
				D11222DD1DD286E50EA59C49 /* Pods */,
				39518DD1225ED41FF26BAD9F /* Frameworks */,
			);
			sourceTree = "<group>";
		};
		9428AE2D2957170600DC7907 /* Products */ = {
			isa = PBXGroup;
			children = (
				9428AE2C2957170600DC7907 /* KreamWaffleApp.app */,
			);
			name = Products;
			sourceTree = "<group>";
		};
		9428AE2E2957170600DC7907 /* KreamWaffleApp */ = {
			isa = PBXGroup;
			children = (
				5C2F9CA4295D7AF90021D437 /* App */,
				5C2F9C9F295D76E30021D437 /* Extensions */,
				6527350929680C0600C859B8 /* Data Objects */,
				653F17C229655F1F00949FF8 /* KreamWaffleApp.entitlements */,
				5C2F9CA9295D7BBD0021D437 /* Repositories */,
				944A1149295D6AC200F8CDB7 /* Usecases */,
				9409BB6929587BB200107717 /* ViewModels */,
				948C669629587B2200561C59 /* ViewControllers */,
				944A1146295D18E100F8CDB7 /* Cells */,
				944A1143295D156B00F8CDB7 /* Layouts */,
				944A1140295D0D7400F8CDB7 /* Models */,
				65653F33295B5AF2002F250B /* Customs */,
				9428AE382957170E00DC7907 /* Assets.xcassets */,
				9428AE3D2957170E00DC7907 /* Info.plist */,
			);
			path = KreamWaffleApp;
			sourceTree = "<group>";
		};
		944A1140295D0D7400F8CDB7 /* Models */ = {
			isa = PBXGroup;
			children = (
				94155C53297A4EB70092B561 /* Shop Tab */,
				65F8FBB029620FCC00679E72 /* Post + PostResponse.swift */,
				5C6FBD4629796DB300B64FF0 /* NestedProfile.swift */,
				5C6FBD78297C263200B64FF0 /* Profile.swift */,
				5C6CE1A12983D55B00755334 /* CommentResponse+Comment+Reply+ReplyToProfile.swift */,
				5C2882B729884A340063C0C1 /* UserListResponse + NestedProfileWrapper.swift */,
			);
			path = Models;
			sourceTree = "<group>";
		};
		944A1143295D156B00F8CDB7 /* Layouts */ = {
			isa = PBXGroup;
			children = (
				944A1144295D16ED00F8CDB7 /* ShopCollectionViewFlowLayout.swift */,
				65F8FBAC29620F7600679E72 /* UserListCollectionViewLayout.swift */,
				944A11562963E46500F8CDB7 /* ShopCategoryCollectionViewFlowLayout.swift */,
				5CE9B33F296878BC00B3C894 /* ProductDetailImagesCollectionViewFlowLayout.swift */,
			);
			path = Layouts;
			sourceTree = "<group>";
		};
		944A1146295D18E100F8CDB7 /* Cells */ = {
			isa = PBXGroup;
			children = (
				94CDFF982974819900C2095C /* Home Tab */,
				5C6FBD592979826500B64FF0 /* UserListCollectionViewCell.swift */,
				94155C54297A4F330092B561 /* Shop Tab */,
				656F1A58296138870052B148 /* ShoeSizeSelectionCollectionViewCell.swift */,
				65F8FBB32962104E00679E72 /* StyleFeedCollectionViewCell.swift */,
			);
			path = Cells;
			sourceTree = "<group>";
		};
		944A1149295D6AC200F8CDB7 /* Usecases */ = {
			isa = PBXGroup;
			children = (
				944A114A295D6ADF00F8CDB7 /* ShopUsecase.swift */,
				5C2F9CA7295D7B600021D437 /* StyleFeedUsecase.swift */,
				6527350C2968185C00C859B8 /* UserUsecase.swift */,
				5C6FBD442976A1ED00B64FF0 /* StylePostUsecase.swift */,
				5C6FBD4E2979744E00B64FF0 /* UserListUsecase.swift */,
				5C6FBD72297BCBAC00B64FF0 /* ProfileUsecase.swift */,
			);
			path = Usecases;
			sourceTree = "<group>";
		};
		948C669629587B2200561C59 /* ViewControllers */ = {
			isa = PBXGroup;
			children = (
				651E71842977CF1A00D81E2F /* OpeningViewController.swift */,
				655A94CC296C6D4900F0184B /* CustomNotificationView.swift */,
				655A94CA296C6D4200F0184B /* LoadingViewController.swift */,
				65A2AD05295DB12400213175 /* Login Tab */,
				5C2F9CA3295D77430021D437 /* Home Tab */,
				5C2F9CA2295D77350021D437 /* My Tab */,
				65653F3B295B73FC002F250B /* Shop Tab */,
				65653F38295B73B2002F250B /* Style Tab */,
				9409BB6729587B8400107717 /* TabBarViewController.swift */,
			);
			path = ViewControllers;
			sourceTree = "<group>";
		};
		94A394EF2988FC14002AFE4A /* Filter VC */ = {
			isa = PBXGroup;
			children = (
				94A394F02988FC27002AFE4A /* ShopFilterViewController.swift */,
				94A394F22988FC3D002AFE4A /* ShopFilterDetailViewController.swift */,
			);
			path = "Filter VC";
			sourceTree = "<group>";
		};
		94CDFF8E29746FBF00C2095C /* Sub VC */ = {
			isa = PBXGroup;
			children = (
				94CDFF8F29746FF100C2095C /* HomeTabShopCollectionViewVC.swift */,
				94CDFF942974741200C2095C /* HomeTabStyleCollectionViewVC.swift */,
				94CDFF962974742400C2095C /* HomeTabBrandsCollectionViewVC.swift */,
			);
			path = "Sub VC";
			sourceTree = "<group>";
		};
		94CDFF982974819900C2095C /* Home Tab */ = {
			isa = PBXGroup;
			children = (
				94CDFF99297481E200C2095C /* HomeTabShopCollectionViewCell.swift */,
			);
			path = "Home Tab";
			sourceTree = "<group>";
		};
		CE9EBDE6298B966E00F4131A /* Edit Login VC */ = {
			isa = PBXGroup;
			children = (
				CE571D88298AE69500DAB878 /* LoginSettingsEditViewController.swift */,
				6537F71129837CAF00FC58E8 /* SettingsViewController.swift */,
			);
			path = "Edit Login VC";
			sourceTree = "<group>";
		};
		CE9EBDE7298BAA2600F4131A /* Detail VC */ = {
			isa = PBXGroup;
			children = (
				5CE9B341296878FD00B3C894 /* ProductDetailViewController.swift */,
				CE9EBDE8298BAA5400F4131A /* ProductSizeSelectionViewController.swift */,
			);
			path = "Detail VC";
			sourceTree = "<group>";
		};
		D11222DD1DD286E50EA59C49 /* Pods */ = {
			isa = PBXGroup;
			children = (
				F7EF6F841C68824F321DFFC4 /* Pods-KreamWaffleApp.debug.xcconfig */,
				23A38361E3714122EA170A02 /* Pods-KreamWaffleApp.release.xcconfig */,
			);
			path = Pods;
			sourceTree = "<group>";
		};
/* End PBXGroup section */

/* Begin PBXNativeTarget section */
		9428AE2B2957170600DC7907 /* KreamWaffleApp */ = {
			isa = PBXNativeTarget;
			buildConfigurationList = 9428AE402957170E00DC7907 /* Build configuration list for PBXNativeTarget "KreamWaffleApp" */;
			buildPhases = (
				FC76975B679107115CB270B1 /* [CP] Check Pods Manifest.lock */,
				9428AE282957170600DC7907 /* Sources */,
				9428AE292957170600DC7907 /* Frameworks */,
				9428AE2A2957170600DC7907 /* Resources */,
				5C56D649296B0466002A8736 /* Embed Frameworks */,
				88B864AFF55EC59E5878E6A8 /* [CP] Embed Pods Frameworks */,
				F1449BE30F005D641CDF24C4 /* [CP] Copy Pods Resources */,
			);
			buildRules = (
			);
			dependencies = (
			);
			name = KreamWaffleApp;
			productName = KreamWaffleApp;
			productReference = 9428AE2C2957170600DC7907 /* KreamWaffleApp.app */;
			productType = "com.apple.product-type.application";
		};
/* End PBXNativeTarget section */

/* Begin PBXProject section */
		9428AE242957170600DC7907 /* Project object */ = {
			isa = PBXProject;
			attributes = {
				BuildIndependentTargetsInParallel = 1;
				LastSwiftUpdateCheck = 1340;
				LastUpgradeCheck = 1340;
				TargetAttributes = {
					9428AE2B2957170600DC7907 = {
						CreatedOnToolsVersion = 13.4.1;
						LastSwiftMigration = 1340;
					};
				};
			};
			buildConfigurationList = 9428AE272957170600DC7907 /* Build configuration list for PBXProject "KreamWaffleApp" */;
			compatibilityVersion = "Xcode 13.0";
			developmentRegion = en;
			hasScannedForEncodings = 0;
			knownRegions = (
				en,
				Base,
			);
			mainGroup = 9428AE232957170600DC7907;
			productRefGroup = 9428AE2D2957170600DC7907 /* Products */;
			projectDirPath = "";
			projectRoot = "";
			targets = (
				9428AE2B2957170600DC7907 /* KreamWaffleApp */,
			);
		};
/* End PBXProject section */

/* Begin PBXResourcesBuildPhase section */
		9428AE2A2957170600DC7907 /* Resources */ = {
			isa = PBXResourcesBuildPhase;
			buildActionMask = 2147483647;
			files = (
				9428AE392957170E00DC7907 /* Assets.xcassets in Resources */,
			);
			runOnlyForDeploymentPostprocessing = 0;
		};
/* End PBXResourcesBuildPhase section */

/* Begin PBXShellScriptBuildPhase section */
		88B864AFF55EC59E5878E6A8 /* [CP] Embed Pods Frameworks */ = {
			isa = PBXShellScriptBuildPhase;
			buildActionMask = 2147483647;
			files = (
			);
			inputFileListPaths = (
				"${PODS_ROOT}/Target Support Files/Pods-KreamWaffleApp/Pods-KreamWaffleApp-frameworks-${CONFIGURATION}-input-files.xcfilelist",
			);
			name = "[CP] Embed Pods Frameworks";
			outputFileListPaths = (
				"${PODS_ROOT}/Target Support Files/Pods-KreamWaffleApp/Pods-KreamWaffleApp-frameworks-${CONFIGURATION}-output-files.xcfilelist",
			);
			runOnlyForDeploymentPostprocessing = 0;
			shellPath = /bin/sh;
			shellScript = "\"${PODS_ROOT}/Target Support Files/Pods-KreamWaffleApp/Pods-KreamWaffleApp-frameworks.sh\"\n";
			showEnvVarsInLog = 0;
		};
		F1449BE30F005D641CDF24C4 /* [CP] Copy Pods Resources */ = {
			isa = PBXShellScriptBuildPhase;
			buildActionMask = 2147483647;
			files = (
			);
			inputFileListPaths = (
				"${PODS_ROOT}/Target Support Files/Pods-KreamWaffleApp/Pods-KreamWaffleApp-resources-${CONFIGURATION}-input-files.xcfilelist",
			);
			name = "[CP] Copy Pods Resources";
			outputFileListPaths = (
				"${PODS_ROOT}/Target Support Files/Pods-KreamWaffleApp/Pods-KreamWaffleApp-resources-${CONFIGURATION}-output-files.xcfilelist",
			);
			runOnlyForDeploymentPostprocessing = 0;
			shellPath = /bin/sh;
			shellScript = "\"${PODS_ROOT}/Target Support Files/Pods-KreamWaffleApp/Pods-KreamWaffleApp-resources.sh\"\n";
			showEnvVarsInLog = 0;
		};
		FC76975B679107115CB270B1 /* [CP] Check Pods Manifest.lock */ = {
			isa = PBXShellScriptBuildPhase;
			buildActionMask = 2147483647;
			files = (
			);
			inputFileListPaths = (
			);
			inputPaths = (
				"${PODS_PODFILE_DIR_PATH}/Podfile.lock",
				"${PODS_ROOT}/Manifest.lock",
			);
			name = "[CP] Check Pods Manifest.lock";
			outputFileListPaths = (
			);
			outputPaths = (
				"$(DERIVED_FILE_DIR)/Pods-KreamWaffleApp-checkManifestLockResult.txt",
			);
			runOnlyForDeploymentPostprocessing = 0;
			shellPath = /bin/sh;
			shellScript = "diff \"${PODS_PODFILE_DIR_PATH}/Podfile.lock\" \"${PODS_ROOT}/Manifest.lock\" > /dev/null\nif [ $? != 0 ] ; then\n    # print error to STDERR\n    echo \"error: The sandbox is not in sync with the Podfile.lock. Run 'pod install' or update your CocoaPods installation.\" >&2\n    exit 1\nfi\n# This output is used by Xcode 'outputs' to avoid re-running this script phase.\necho \"SUCCESS\" > \"${SCRIPT_OUTPUT_FILE_0}\"\n";
			showEnvVarsInLog = 0;
		};
/* End PBXShellScriptBuildPhase section */

/* Begin PBXSourcesBuildPhase section */
		9428AE282957170600DC7907 /* Sources */ = {
			isa = PBXSourcesBuildPhase;
			buildActionMask = 2147483647;
			files = (
				5C2F9CAB295D7BCA0021D437 /* ShopRepository.swift in Sources */,
				5CB810E529684F000021FDD6 /* UnderlineSegmentedControl.swift in Sources */,
				5C6FBD6B297A613700B64FF0 /* ProductCollectionViewCell.swift in Sources */,
				65F8FBB8296211E000679E72 /* ProfileSubviewSubCell.swift in Sources */,
				5C2F9CAD295D7C650021D437 /* StyleFeedRepository.swift in Sources */,
				5C6CE1A02983A9D100755334 /* LoadingIndicator.swift in Sources */,
				CE571D85298A53A600DAB878 /* UserProfileRepository.swift in Sources */,
				5C6FBD73297BCBAC00B64FF0 /* ProfileUsecase.swift in Sources */,
				9428AE47295718E200DC7907 /* ShopViewModel.swift in Sources */,
				65F8FBAD29620F7600679E72 /* UserListCollectionViewLayout.swift in Sources */,
				5C6FBD4729796DB300B64FF0 /* NestedProfile.swift in Sources */,
				5C2F9CA6295D7B250021D437 /* StyleFeedViewModel.swift in Sources */,
				5C6FBD5A2979826500B64FF0 /* UserListCollectionViewCell.swift in Sources */,
				5C6FBD7D297D965A00B64FF0 /* FollowUserListViewController.swift in Sources */,
				94A394F92988FCC8002AFE4A /* Brand.swift in Sources */,
				5C6FBD67297A60C200B64FF0 /* UserListViewModel.swift in Sources */,
				94A394F72988FCA4002AFE4A /* ShopFilterDetailTableViewCell.swift in Sources */,
				5CE9B342296878FD00B3C894 /* ProductDetailViewController.swift in Sources */,
				94CDFF952974741200C2095C /* HomeTabStyleCollectionViewVC.swift in Sources */,
				65653F37295B5B25002F250B /* colors.swift in Sources */,
				5C6FBD77297BCCF500B64FF0 /* ProfileViewController.swift in Sources */,
				65653F3D295B7601002F250B /* KeywordCollectionViewCell.swift in Sources */,
				65DF48972961E13C00AF6CDB /* TermsButton.swift in Sources */,
				65188908295C1CE70026E003 /* LoginViewController.swift in Sources */,
				5CE9B340296878BC00B3C894 /* ProductDetailImagesCollectionViewFlowLayout.swift in Sources */,
				5C6FBD512979745D00B64FF0 /* UserListRepositoryProtocol.swift in Sources */,
				CE9EBDE9298BAA5400F4131A /* ProductSizeSelectionViewController.swift in Sources */,
				5CB810DF29683D4E0021FDD6 /* StylePostRepository.swift in Sources */,
				CE571D89298AE69500DAB878 /* LoginSettingsEditViewController.swift in Sources */,
				5C6CE1A22983D55B00755334 /* CommentResponse+Comment+Reply+ReplyToProfile.swift in Sources */,
				9428AE302957170600DC7907 /* AppDelegate.swift in Sources */,
				65653F41295B8148002F250B /* ShopMainViewController.swift in Sources */,
				9428AE4B2957197B00DC7907 /* StyleTabViewController.swift in Sources */,
				94CDFF9029746FF100C2095C /* HomeTabShopCollectionViewVC.swift in Sources */,
				5C6CE19C2982764100755334 /* NewPostViewModel.swift in Sources */,
				5C6FBD71297BCBA200B64FF0 /* ProfileViewModel.swift in Sources */,
				948C66952958482E00561C59 /* MyTabViewController.swift in Sources */,
				65DC40B72980272100D14DBF /* PostPhotoCollectionViewCell.swift in Sources */,
				5C6FBD492979737C00B64FF0 /* UserListCollectionViewVC.swift in Sources */,
				944A11572963E46500F8CDB7 /* ShopCategoryCollectionViewFlowLayout.swift in Sources */,
				5C6FBD79297C263200B64FF0 /* Profile.swift in Sources */,
				5CB810DD29683CEF0021FDD6 /* StylePostViewController.swift in Sources */,
				9428AE322957170600DC7907 /* SceneDelegate.swift in Sources */,
				5C63455D296FE3DC00DA6D29 /* UIViewController+setUpBackButton.swift in Sources */,
				5C6FBD6D297A618900B64FF0 /* ShopPostModel.swift in Sources */,
				944A114B295D6ADF00F8CDB7 /* ShopUsecase.swift in Sources */,
				65F8FBB42962104E00679E72 /* StyleFeedCollectionViewCell.swift in Sources */,
				5CB810E129683D6A0021FDD6 /* StylePostViewModel.swift in Sources */,
				651E718B297B7B5200D81E2F /* MyTabSharedUIStackVIew.swift in Sources */,
				6527350B29680C1900C859B8 /* User.swift in Sources */,
				94CDFF932974730300C2095C /* HomeViewModel.swift in Sources */,
				5CB810DB29683B4B0021FDD6 /* StyleFeedCollectionViewVC.swift in Sources */,
				5C6CE19E2982768F00755334 /* NewPostRepository.swift in Sources */,
				9428AE4D295719A500DC7907 /* ShopTabViewController.swift in Sources */,
				6527350F2968196200C859B8 /* UserInfoViewModel.swift in Sources */,
				5C6FBD7B297D132900B64FF0 /* UIViewController+pushUserProfileVC + pushNewPostVC.swift in Sources */,
				65781D032976C415000FC684 /* LoginViewModel.swift in Sources */,
				5C2F9CA1295D77090021D437 /* UIViewController+hideKeyboard.swift in Sources */,
				5C2882B829884A340063C0C1 /* UserListResponse + NestedProfileWrapper.swift in Sources */,
				5C6FBD582979778900B64FF0 /* FollowerUserListRepository.swift in Sources */,
				65653F3F295B7BDF002F250B /* SearchTableViewCell.swift in Sources */,
				65653F3A295B73C9002F250B /* SearchViewController.swift in Sources */,
				5C6FBD562979776A00B64FF0 /* FollowingUserListRepository.swift in Sources */,
				655A94CD296C6D4900F0184B /* CustomNotificationView.swift in Sources */,
				6527350D2968185C00C859B8 /* UserUsecase.swift in Sources */,
				94A394FB2988FCE4002AFE4A /* ShopFilterItem.swift in Sources */,
				655A94CB296C6D4200F0184B /* LoadingViewController.swift in Sources */,
				65508A51297BB1D100C6431D /* SignUpViewModel.swift in Sources */,
				5C6FBD452976A1ED00B64FF0 /* StylePostUsecase.swift in Sources */,
				6537F7152985BF1A00FC58E8 /* SubEditProfileViewController.swift in Sources */,
				5C6FBD452976A1ED00B64FF0 /* StylePostUsecase.swift in Sources */,
				944A114D295D6D5C00F8CDB7 /* ShopPostRequestParameters.swift in Sources */,
				944A114D295D6D5C00F8CDB7 /* ShopPostRequestParameters.swift in Sources */,
				65653F35295B5B01002F250B /* CustomSegmentedControl.swift in Sources */,
				65653F43295B8217002F250B /* Extensions.swift in Sources */,
				94A394F52988FC8D002AFE4A /* ShopFilterTableViewCell.swift in Sources */,
				9409BB6829587B8400107717 /* TabBarViewController.swift in Sources */,
				656F1A57296136B00052B148 /* ShoeSizeSelectionViewController.swift in Sources */,
				5C6FBD4B2979739100B64FF0 /* LikedUserListViewController.swift in Sources */,
				5C6FBD69297A612C00B64FF0 /* CategoryCollectionViewCell.swift in Sources */,
				944A1142295D0DC000F8CDB7 /* Product.swift in Sources */,
				655A94CF296C73FB00F0184B /* MyProfileViewController.swift in Sources */,
				657E61CC2987C08600CA196D /* Token.swift in Sources */,
				5C6FBD75297BCBB700B64FF0 /* ProfileRepository.swift in Sources */,
				5C6FBD75297BCBB700B64FF0 /* ProfileRepository.swift in Sources */,
				6537F71229837CAF00FC58E8 /* SettingsViewController.swift in Sources */,
				94155C51297A4E720092B561 /* ShopTabDetailViewModel.swift in Sources */,
				94CDFF9A297481E200C2095C /* HomeTabShopCollectionViewCell.swift in Sources */,
				CE571D83298A1A7C00DAB878 /* EditProfileTableViewCell.swift in Sources */,
				65B4DE332972DC9200771920 /* CustomError.swift in Sources */,
				5C6FBD542979774100B64FF0 /* LikedUserListRepository.swift in Sources */,
				6583C9E32960B5E7007C741F /* SignUpViewController.swift in Sources */,
				5C6FBD6F297AD0BA00B64FF0 /* FollowButton.swift in Sources */,
				653F17C42965701600949FF8 /* LoginRepository.swift in Sources */,
				CE571D87298A809600DAB878 /* UserProfileViewModel.swift in Sources */,
				656F1A59296138870052B148 /* ShoeSizeSelectionCollectionViewCell.swift in Sources */,
				651E718D297B989000D81E2F /* AutoAddPaddingButton.swift in Sources */,
				94A394F12988FC27002AFE4A /* ShopFilterViewController.swift in Sources */,
				94A394EE2988FBF2002AFE4A /* ShopFilterViewModel.swift in Sources */,
				65DF48942961D4D300AF6CDB /* ShoeSizefield.swift in Sources */,
				651E71852977CF1B00D81E2F /* OpeningViewController.swift in Sources */,
				9428AE492957193D00DC7907 /* HomeTabViewController.swift in Sources */,
				94A394F32988FC3D002AFE4A /* ShopFilterDetailViewController.swift in Sources */,
				6537F71029837B3500FC58E8 /* EditProfileViewController.swift in Sources */,
				5C2F9CA8295D7B600021D437 /* StyleFeedUsecase.swift in Sources */,
				CE9EBDE5298B921600F4131A /* EditAccountVIewModel.swift in Sources */,
				94CDFF972974742400C2095C /* HomeTabBrandsCollectionViewVC.swift in Sources */,
				65F8FBB6296211B800679E72 /* ProfileSubview.swift in Sources */,
				6583C9E72960DCB0007C741F /* FindPasswordViewController.swift in Sources */,
				944A1145295D16ED00F8CDB7 /* ShopCollectionViewFlowLayout.swift in Sources */,
				654D9692295BFC4900B93EE0 /* Constants.swift in Sources */,
				65F8FBBA2962125200679E72 /* MyShoppingViewController.swift in Sources */,
				6520AEAB295EB9D0002D549D /* CustomTextfield.swift in Sources */,
				65F8FBB129620FCC00679E72 /* Post + PostResponse.swift in Sources */,
				6520AEAB295EB9D0002D549D /* CustomTextfield.swift in Sources */,
				65F8FBB129620FCC00679E72 /* Post + PostResponse.swift in Sources */,
				5C6FBD4F2979744E00B64FF0 /* UserListUsecase.swift in Sources */,
				65DC40B52980239700D14DBF /* NewPostViewController.swift in Sources */,
			);
			runOnlyForDeploymentPostprocessing = 0;
		};
/* End PBXSourcesBuildPhase section */

/* Begin XCBuildConfiguration section */
		9428AE3E2957170E00DC7907 /* Debug */ = {
			isa = XCBuildConfiguration;
			buildSettings = {
				ALWAYS_SEARCH_USER_PATHS = NO;
				CLANG_ANALYZER_NONNULL = YES;
				CLANG_ANALYZER_NUMBER_OBJECT_CONVERSION = YES_AGGRESSIVE;
				CLANG_CXX_LANGUAGE_STANDARD = "gnu++17";
				CLANG_ENABLE_MODULES = YES;
				CLANG_ENABLE_OBJC_ARC = YES;
				CLANG_ENABLE_OBJC_WEAK = YES;
				CLANG_WARN_BLOCK_CAPTURE_AUTORELEASING = YES;
				CLANG_WARN_BOOL_CONVERSION = YES;
				CLANG_WARN_COMMA = YES;
				CLANG_WARN_CONSTANT_CONVERSION = YES;
				CLANG_WARN_DEPRECATED_OBJC_IMPLEMENTATIONS = YES;
				CLANG_WARN_DIRECT_OBJC_ISA_USAGE = YES_ERROR;
				CLANG_WARN_DOCUMENTATION_COMMENTS = YES;
				CLANG_WARN_EMPTY_BODY = YES;
				CLANG_WARN_ENUM_CONVERSION = YES;
				CLANG_WARN_INFINITE_RECURSION = YES;
				CLANG_WARN_INT_CONVERSION = YES;
				CLANG_WARN_NON_LITERAL_NULL_CONVERSION = YES;
				CLANG_WARN_OBJC_IMPLICIT_RETAIN_SELF = YES;
				CLANG_WARN_OBJC_LITERAL_CONVERSION = YES;
				CLANG_WARN_OBJC_ROOT_CLASS = YES_ERROR;
				CLANG_WARN_QUOTED_INCLUDE_IN_FRAMEWORK_HEADER = YES;
				CLANG_WARN_RANGE_LOOP_ANALYSIS = YES;
				CLANG_WARN_STRICT_PROTOTYPES = YES;
				CLANG_WARN_SUSPICIOUS_MOVE = YES;
				CLANG_WARN_UNGUARDED_AVAILABILITY = YES_AGGRESSIVE;
				CLANG_WARN_UNREACHABLE_CODE = YES;
				CLANG_WARN__DUPLICATE_METHOD_MATCH = YES;
				COPY_PHASE_STRIP = NO;
				DEBUG_INFORMATION_FORMAT = dwarf;
				ENABLE_STRICT_OBJC_MSGSEND = YES;
				ENABLE_TESTABILITY = YES;
				"EXCLUDED_ARCHS[sdk=iphonesimulator*]" = arm64;
				GCC_C_LANGUAGE_STANDARD = gnu11;
				GCC_DYNAMIC_NO_PIC = NO;
				GCC_NO_COMMON_BLOCKS = YES;
				GCC_OPTIMIZATION_LEVEL = 0;
				GCC_PREPROCESSOR_DEFINITIONS = (
					"DEBUG=1",
					"$(inherited)",
				);
				GCC_WARN_64_TO_32_BIT_CONVERSION = YES;
				GCC_WARN_ABOUT_RETURN_TYPE = YES_ERROR;
				GCC_WARN_UNDECLARED_SELECTOR = YES;
				GCC_WARN_UNINITIALIZED_AUTOS = YES_AGGRESSIVE;
				GCC_WARN_UNUSED_FUNCTION = YES;
				GCC_WARN_UNUSED_VARIABLE = YES;
				IPHONEOS_DEPLOYMENT_TARGET = 15.0;
				MTL_ENABLE_DEBUG_INFO = INCLUDE_SOURCE;
				MTL_FAST_MATH = YES;
				ONLY_ACTIVE_ARCH = YES;
				SDKROOT = iphoneos;
				SWIFT_ACTIVE_COMPILATION_CONDITIONS = DEBUG;
				SWIFT_OPTIMIZATION_LEVEL = "-Onone";
			};
			name = Debug;
		};
		9428AE3F2957170E00DC7907 /* Release */ = {
			isa = XCBuildConfiguration;
			buildSettings = {
				ALWAYS_SEARCH_USER_PATHS = NO;
				CLANG_ANALYZER_NONNULL = YES;
				CLANG_ANALYZER_NUMBER_OBJECT_CONVERSION = YES_AGGRESSIVE;
				CLANG_CXX_LANGUAGE_STANDARD = "gnu++17";
				CLANG_ENABLE_MODULES = YES;
				CLANG_ENABLE_OBJC_ARC = YES;
				CLANG_ENABLE_OBJC_WEAK = YES;
				CLANG_WARN_BLOCK_CAPTURE_AUTORELEASING = YES;
				CLANG_WARN_BOOL_CONVERSION = YES;
				CLANG_WARN_COMMA = YES;
				CLANG_WARN_CONSTANT_CONVERSION = YES;
				CLANG_WARN_DEPRECATED_OBJC_IMPLEMENTATIONS = YES;
				CLANG_WARN_DIRECT_OBJC_ISA_USAGE = YES_ERROR;
				CLANG_WARN_DOCUMENTATION_COMMENTS = YES;
				CLANG_WARN_EMPTY_BODY = YES;
				CLANG_WARN_ENUM_CONVERSION = YES;
				CLANG_WARN_INFINITE_RECURSION = YES;
				CLANG_WARN_INT_CONVERSION = YES;
				CLANG_WARN_NON_LITERAL_NULL_CONVERSION = YES;
				CLANG_WARN_OBJC_IMPLICIT_RETAIN_SELF = YES;
				CLANG_WARN_OBJC_LITERAL_CONVERSION = YES;
				CLANG_WARN_OBJC_ROOT_CLASS = YES_ERROR;
				CLANG_WARN_QUOTED_INCLUDE_IN_FRAMEWORK_HEADER = YES;
				CLANG_WARN_RANGE_LOOP_ANALYSIS = YES;
				CLANG_WARN_STRICT_PROTOTYPES = YES;
				CLANG_WARN_SUSPICIOUS_MOVE = YES;
				CLANG_WARN_UNGUARDED_AVAILABILITY = YES_AGGRESSIVE;
				CLANG_WARN_UNREACHABLE_CODE = YES;
				CLANG_WARN__DUPLICATE_METHOD_MATCH = YES;
				COPY_PHASE_STRIP = NO;
				DEBUG_INFORMATION_FORMAT = "dwarf-with-dsym";
				ENABLE_NS_ASSERTIONS = NO;
				ENABLE_STRICT_OBJC_MSGSEND = YES;
				"EXCLUDED_ARCHS[sdk=iphonesimulator*]" = arm64;
				GCC_C_LANGUAGE_STANDARD = gnu11;
				GCC_NO_COMMON_BLOCKS = YES;
				GCC_WARN_64_TO_32_BIT_CONVERSION = YES;
				GCC_WARN_ABOUT_RETURN_TYPE = YES_ERROR;
				GCC_WARN_UNDECLARED_SELECTOR = YES;
				GCC_WARN_UNINITIALIZED_AUTOS = YES_AGGRESSIVE;
				GCC_WARN_UNUSED_FUNCTION = YES;
				GCC_WARN_UNUSED_VARIABLE = YES;
				IPHONEOS_DEPLOYMENT_TARGET = 15.0;
				MTL_ENABLE_DEBUG_INFO = NO;
				MTL_FAST_MATH = YES;
				ONLY_ACTIVE_ARCH = NO;
				SDKROOT = iphoneos;
				SWIFT_COMPILATION_MODE = wholemodule;
				SWIFT_OPTIMIZATION_LEVEL = "-O";
				VALIDATE_PRODUCT = YES;
			};
			name = Release;
		};
		9428AE412957170E00DC7907 /* Debug */ = {
			isa = XCBuildConfiguration;
			baseConfigurationReference = F7EF6F841C68824F321DFFC4 /* Pods-KreamWaffleApp.debug.xcconfig */;
			buildSettings = {
				ASSETCATALOG_COMPILER_APPICON_NAME = AppIcon;
				ASSETCATALOG_COMPILER_GLOBAL_ACCENT_COLOR_NAME = AccentColor;
				CLANG_ENABLE_MODULES = NO;
				CODE_SIGN_ENTITLEMENTS = KreamWaffleApp/KreamWaffleApp.entitlements;
				CODE_SIGN_STYLE = Automatic;
				CURRENT_PROJECT_VERSION = 1;
				DEVELOPMENT_TEAM = ZK7MDCDTQ4;
				GENERATE_INFOPLIST_FILE = YES;
				INFOPLIST_FILE = KreamWaffleApp/Info.plist;
				INFOPLIST_KEY_UIApplicationSupportsIndirectInputEvents = YES;
				INFOPLIST_KEY_UILaunchStoryboardName = LaunchScreen;
				INFOPLIST_KEY_UIRequiresFullScreen = YES;
				INFOPLIST_KEY_UISupportedInterfaceOrientations_iPad = "UIInterfaceOrientationPortrait UIInterfaceOrientationPortraitUpsideDown UIInterfaceOrientationLandscapeLeft UIInterfaceOrientationLandscapeRight";
				INFOPLIST_KEY_UISupportedInterfaceOrientations_iPhone = "UIInterfaceOrientationPortrait UIInterfaceOrientationLandscapeLeft UIInterfaceOrientationLandscapeRight";
				IPHONEOS_DEPLOYMENT_TARGET = 15.0;
				LD_RUNPATH_SEARCH_PATHS = (
					"$(inherited)",
					"@executable_path/Frameworks",
				);
				MARKETING_VERSION = 1.0;
				PRODUCT_BUNDLE_IDENTIFIER = com.sunjaelee.KreamWaffleApp;
				PRODUCT_NAME = "$(TARGET_NAME)";
				SWIFT_EMIT_LOC_STRINGS = YES;
				SWIFT_OBJC_BRIDGING_HEADER = "";
				SWIFT_OPTIMIZATION_LEVEL = "-Onone";
				SWIFT_VERSION = 5.0;
				TARGETED_DEVICE_FAMILY = "1,2";
			};
			name = Debug;
		};
		9428AE422957170E00DC7907 /* Release */ = {
			isa = XCBuildConfiguration;
			baseConfigurationReference = 23A38361E3714122EA170A02 /* Pods-KreamWaffleApp.release.xcconfig */;
			buildSettings = {
				ASSETCATALOG_COMPILER_APPICON_NAME = AppIcon;
				ASSETCATALOG_COMPILER_GLOBAL_ACCENT_COLOR_NAME = AccentColor;
				CLANG_ENABLE_MODULES = NO;
				CODE_SIGN_ENTITLEMENTS = KreamWaffleApp/KreamWaffleApp.entitlements;
				CODE_SIGN_STYLE = Automatic;
				CURRENT_PROJECT_VERSION = 1;
				DEVELOPMENT_TEAM = ZK7MDCDTQ4;
				GENERATE_INFOPLIST_FILE = YES;
				INFOPLIST_FILE = KreamWaffleApp/Info.plist;
				INFOPLIST_KEY_UIApplicationSupportsIndirectInputEvents = YES;
				INFOPLIST_KEY_UILaunchStoryboardName = LaunchScreen;
				INFOPLIST_KEY_UIRequiresFullScreen = YES;
				INFOPLIST_KEY_UISupportedInterfaceOrientations_iPad = "UIInterfaceOrientationPortrait UIInterfaceOrientationPortraitUpsideDown UIInterfaceOrientationLandscapeLeft UIInterfaceOrientationLandscapeRight";
				INFOPLIST_KEY_UISupportedInterfaceOrientations_iPhone = "UIInterfaceOrientationPortrait UIInterfaceOrientationLandscapeLeft UIInterfaceOrientationLandscapeRight";
				IPHONEOS_DEPLOYMENT_TARGET = 15.0;
				LD_RUNPATH_SEARCH_PATHS = (
					"$(inherited)",
					"@executable_path/Frameworks",
				);
				MARKETING_VERSION = 1.0;
				PRODUCT_BUNDLE_IDENTIFIER = com.sunjaelee.KreamWaffleApp;
				PRODUCT_NAME = "$(TARGET_NAME)";
				SWIFT_EMIT_LOC_STRINGS = YES;
				SWIFT_OBJC_BRIDGING_HEADER = "";
				SWIFT_VERSION = 5.0;
				TARGETED_DEVICE_FAMILY = "1,2";
			};
			name = Release;
		};
/* End XCBuildConfiguration section */

/* Begin XCConfigurationList section */
		9428AE272957170600DC7907 /* Build configuration list for PBXProject "KreamWaffleApp" */ = {
			isa = XCConfigurationList;
			buildConfigurations = (
				9428AE3E2957170E00DC7907 /* Debug */,
				9428AE3F2957170E00DC7907 /* Release */,
			);
			defaultConfigurationIsVisible = 0;
			defaultConfigurationName = Release;
		};
		9428AE402957170E00DC7907 /* Build configuration list for PBXNativeTarget "KreamWaffleApp" */ = {
			isa = XCConfigurationList;
			buildConfigurations = (
				9428AE412957170E00DC7907 /* Debug */,
				9428AE422957170E00DC7907 /* Release */,
			);
			defaultConfigurationIsVisible = 0;
			defaultConfigurationName = Release;
		};
/* End XCConfigurationList section */
	};
	rootObject = 9428AE242957170600DC7907 /* Project object */;
}
